// !$*UTF8*$!
{
	archiveVersion = 1;
	classes = {
	};
	objectVersion = 77;
	objects = {

/* Begin PBXBuildFile section */
		6236C52ED6F9FDC6B051139B /* Pods_PacksyncTests.framework in Frameworks */ = {isa = PBXBuildFile; fileRef = 5B899A5F4CAC2071E1963521 /* Pods_PacksyncTests.framework */; };
		629125534CD46C572C41036B /* Pods_Packsync.framework in Frameworks */ = {isa = PBXBuildFile; fileRef = B58C29F627AEFE88848C97EE /* Pods_Packsync.framework */; };
		94BFD571C364E2F861C438BF /* Pods_Packsync_PacksyncUITests.framework in Frameworks */ = {isa = PBXBuildFile; fileRef = 8ED0CE592D869E2411A3DE66 /* Pods_Packsync_PacksyncUITests.framework */; };
/* End PBXBuildFile section */

/* Begin PBXContainerItemProxy section */
		737AC4192CCB2C79005F0B42 /* PBXContainerItemProxy */ = {
			isa = PBXContainerItemProxy;
			containerPortal = 737AC3FA2CCB2C78005F0B42 /* Project object */;
			proxyType = 1;
			remoteGlobalIDString = 737AC4012CCB2C78005F0B42;
			remoteInfo = Packsync;
		};
		737AC4232CCB2C79005F0B42 /* PBXContainerItemProxy */ = {
			isa = PBXContainerItemProxy;
			containerPortal = 737AC3FA2CCB2C78005F0B42 /* Project object */;
			proxyType = 1;
			remoteGlobalIDString = 737AC4012CCB2C78005F0B42;
			remoteInfo = Packsync;
		};
/* End PBXContainerItemProxy section */

/* Begin PBXFileReference section */
		010872923AF6786A876453AC /* Pods-PacksyncTests.release.xcconfig */ = {isa = PBXFileReference; includeInIndex = 1; lastKnownFileType = text.xcconfig; name = "Pods-PacksyncTests.release.xcconfig"; path = "Target Support Files/Pods-PacksyncTests/Pods-PacksyncTests.release.xcconfig"; sourceTree = "<group>"; };
		417A1F4FED55E21A08E652A3 /* Pods-Packsync.debug.xcconfig */ = {isa = PBXFileReference; includeInIndex = 1; lastKnownFileType = text.xcconfig; name = "Pods-Packsync.debug.xcconfig"; path = "Target Support Files/Pods-Packsync/Pods-Packsync.debug.xcconfig"; sourceTree = "<group>"; };
		5B899A5F4CAC2071E1963521 /* Pods_PacksyncTests.framework */ = {isa = PBXFileReference; explicitFileType = wrapper.framework; includeInIndex = 0; path = Pods_PacksyncTests.framework; sourceTree = BUILT_PRODUCTS_DIR; };
		737AC4022CCB2C78005F0B42 /* Packsync.app */ = {isa = PBXFileReference; explicitFileType = wrapper.application; includeInIndex = 0; path = Packsync.app; sourceTree = BUILT_PRODUCTS_DIR; };
		737AC4182CCB2C79005F0B42 /* PacksyncTests.xctest */ = {isa = PBXFileReference; explicitFileType = wrapper.cfbundle; includeInIndex = 0; path = PacksyncTests.xctest; sourceTree = BUILT_PRODUCTS_DIR; };
		737AC4222CCB2C79005F0B42 /* PacksyncUITests.xctest */ = {isa = PBXFileReference; explicitFileType = wrapper.cfbundle; includeInIndex = 0; path = PacksyncUITests.xctest; sourceTree = BUILT_PRODUCTS_DIR; };
		8ED0CE592D869E2411A3DE66 /* Pods_Packsync_PacksyncUITests.framework */ = {isa = PBXFileReference; explicitFileType = wrapper.framework; includeInIndex = 0; path = Pods_Packsync_PacksyncUITests.framework; sourceTree = BUILT_PRODUCTS_DIR; };
		A3737AE117543986608DC630 /* Pods-PacksyncTests.debug.xcconfig */ = {isa = PBXFileReference; includeInIndex = 1; lastKnownFileType = text.xcconfig; name = "Pods-PacksyncTests.debug.xcconfig"; path = "Target Support Files/Pods-PacksyncTests/Pods-PacksyncTests.debug.xcconfig"; sourceTree = "<group>"; };
		A863B5657C604F2DD285F241 /* Pods-Packsync.release.xcconfig */ = {isa = PBXFileReference; includeInIndex = 1; lastKnownFileType = text.xcconfig; name = "Pods-Packsync.release.xcconfig"; path = "Target Support Files/Pods-Packsync/Pods-Packsync.release.xcconfig"; sourceTree = "<group>"; };
		B55250005CC21B4E23B51E76 /* Pods-Packsync-PacksyncUITests.debug.xcconfig */ = {isa = PBXFileReference; includeInIndex = 1; lastKnownFileType = text.xcconfig; name = "Pods-Packsync-PacksyncUITests.debug.xcconfig"; path = "Target Support Files/Pods-Packsync-PacksyncUITests/Pods-Packsync-PacksyncUITests.debug.xcconfig"; sourceTree = "<group>"; };
		B58C29F627AEFE88848C97EE /* Pods_Packsync.framework */ = {isa = PBXFileReference; explicitFileType = wrapper.framework; includeInIndex = 0; path = Pods_Packsync.framework; sourceTree = BUILT_PRODUCTS_DIR; };
		FFAAFE02DC54AAFC36E0CADA /* Pods-Packsync-PacksyncUITests.release.xcconfig */ = {isa = PBXFileReference; includeInIndex = 1; lastKnownFileType = text.xcconfig; name = "Pods-Packsync-PacksyncUITests.release.xcconfig"; path = "Target Support Files/Pods-Packsync-PacksyncUITests/Pods-Packsync-PacksyncUITests.release.xcconfig"; sourceTree = "<group>"; };
/* End PBXFileReference section */

/* Begin PBXFileSystemSynchronizedBuildFileExceptionSet section */
		737AC42A2CCB2C79005F0B42 /* Exceptions for "Packsync" folder in "Packsync" target */ = {
			isa = PBXFileSystemSynchronizedBuildFileExceptionSet;
			membershipExceptions = (
				Info.plist,
			);
			target = 737AC4012CCB2C78005F0B42 /* Packsync */;
		};
/* End PBXFileSystemSynchronizedBuildFileExceptionSet section */

/* Begin PBXFileSystemSynchronizedRootGroup section */
		737AC4042CCB2C78005F0B42 /* Packsync */ = {
			isa = PBXFileSystemSynchronizedRootGroup;
			exceptions = (
				737AC42A2CCB2C79005F0B42 /* Exceptions for "Packsync" folder in "Packsync" target */,
			);
			path = Packsync;
			sourceTree = "<group>";
		};
		737AC41B2CCB2C79005F0B42 /* PacksyncTests */ = {
			isa = PBXFileSystemSynchronizedRootGroup;
			path = PacksyncTests;
			sourceTree = "<group>";
		};
		737AC4252CCB2C79005F0B42 /* PacksyncUITests */ = {
			isa = PBXFileSystemSynchronizedRootGroup;
			path = PacksyncUITests;
			sourceTree = "<group>";
		};
/* End PBXFileSystemSynchronizedRootGroup section */

/* Begin PBXFrameworksBuildPhase section */
		737AC3FF2CCB2C78005F0B42 /* Frameworks */ = {
			isa = PBXFrameworksBuildPhase;
			buildActionMask = 2147483647;
			files = (
				629125534CD46C572C41036B /* Pods_Packsync.framework in Frameworks */,
			);
			runOnlyForDeploymentPostprocessing = 0;
		};
		737AC4152CCB2C79005F0B42 /* Frameworks */ = {
			isa = PBXFrameworksBuildPhase;
			buildActionMask = 2147483647;
			files = (
				6236C52ED6F9FDC6B051139B /* Pods_PacksyncTests.framework in Frameworks */,
			);
			runOnlyForDeploymentPostprocessing = 0;
		};
		737AC41F2CCB2C79005F0B42 /* Frameworks */ = {
			isa = PBXFrameworksBuildPhase;
			buildActionMask = 2147483647;
			files = (
				94BFD571C364E2F861C438BF /* Pods_Packsync_PacksyncUITests.framework in Frameworks */,
			);
			runOnlyForDeploymentPostprocessing = 0;
		};
/* End PBXFrameworksBuildPhase section */

/* Begin PBXGroup section */
		3B6CF0846AEBC363AD9188E2 /* Frameworks */ = {
			isa = PBXGroup;
			children = (
				B58C29F627AEFE88848C97EE /* Pods_Packsync.framework */,
				8ED0CE592D869E2411A3DE66 /* Pods_Packsync_PacksyncUITests.framework */,
				5B899A5F4CAC2071E1963521 /* Pods_PacksyncTests.framework */,
			);
			name = Frameworks;
			sourceTree = "<group>";
		};
		737AC3F92CCB2C78005F0B42 = {
			isa = PBXGroup;
			children = (
				737AC4042CCB2C78005F0B42 /* Packsync */,
				737AC41B2CCB2C79005F0B42 /* PacksyncTests */,
				737AC4252CCB2C79005F0B42 /* PacksyncUITests */,
				737AC4032CCB2C78005F0B42 /* Products */,
				E42149ED24DAC1BFF9E9FD4B /* Pods */,
				3B6CF0846AEBC363AD9188E2 /* Frameworks */,
			);
			sourceTree = "<group>";
		};
		737AC4032CCB2C78005F0B42 /* Products */ = {
			isa = PBXGroup;
			children = (
				737AC4022CCB2C78005F0B42 /* Packsync.app */,
				737AC4182CCB2C79005F0B42 /* PacksyncTests.xctest */,
				737AC4222CCB2C79005F0B42 /* PacksyncUITests.xctest */,
			);
			name = Products;
			sourceTree = "<group>";
		};
		E42149ED24DAC1BFF9E9FD4B /* Pods */ = {
			isa = PBXGroup;
			children = (
				417A1F4FED55E21A08E652A3 /* Pods-Packsync.debug.xcconfig */,
				A863B5657C604F2DD285F241 /* Pods-Packsync.release.xcconfig */,
				B55250005CC21B4E23B51E76 /* Pods-Packsync-PacksyncUITests.debug.xcconfig */,
				FFAAFE02DC54AAFC36E0CADA /* Pods-Packsync-PacksyncUITests.release.xcconfig */,
				A3737AE117543986608DC630 /* Pods-PacksyncTests.debug.xcconfig */,
				010872923AF6786A876453AC /* Pods-PacksyncTests.release.xcconfig */,
			);
			path = Pods;
			sourceTree = "<group>";
		};
/* End PBXGroup section */

/* Begin PBXNativeTarget section */
		737AC4012CCB2C78005F0B42 /* Packsync */ = {
			isa = PBXNativeTarget;
			buildConfigurationList = 737AC42B2CCB2C79005F0B42 /* Build configuration list for PBXNativeTarget "Packsync" */;
			buildPhases = (
				2CB5F2963A856EF208BA589D /* [CP] Check Pods Manifest.lock */,
				737AC3FE2CCB2C78005F0B42 /* Sources */,
				737AC3FF2CCB2C78005F0B42 /* Frameworks */,
				737AC4002CCB2C78005F0B42 /* Resources */,
				A21243143888E19961D3965A /* [CP] Embed Pods Frameworks */,
			);
			buildRules = (
			);
			dependencies = (
			);
			fileSystemSynchronizedGroups = (
				737AC4042CCB2C78005F0B42 /* Packsync */,
			);
			name = Packsync;
			productName = Packsync;
			productReference = 737AC4022CCB2C78005F0B42 /* Packsync.app */;
			productType = "com.apple.product-type.application";
		};
		737AC4172CCB2C79005F0B42 /* PacksyncTests */ = {
			isa = PBXNativeTarget;
			buildConfigurationList = 737AC4302CCB2C79005F0B42 /* Build configuration list for PBXNativeTarget "PacksyncTests" */;
			buildPhases = (
				0F353AC6309F2E0A68E2A6D0 /* [CP] Check Pods Manifest.lock */,
				737AC4142CCB2C79005F0B42 /* Sources */,
				737AC4152CCB2C79005F0B42 /* Frameworks */,
				737AC4162CCB2C79005F0B42 /* Resources */,
			);
			buildRules = (
			);
			dependencies = (
				737AC41A2CCB2C79005F0B42 /* PBXTargetDependency */,
			);
			fileSystemSynchronizedGroups = (
				737AC41B2CCB2C79005F0B42 /* PacksyncTests */,
			);
			name = PacksyncTests;
			productName = PacksyncTests;
			productReference = 737AC4182CCB2C79005F0B42 /* PacksyncTests.xctest */;
			productType = "com.apple.product-type.bundle.unit-test";
		};
		737AC4212CCB2C79005F0B42 /* PacksyncUITests */ = {
			isa = PBXNativeTarget;
			buildConfigurationList = 737AC4332CCB2C79005F0B42 /* Build configuration list for PBXNativeTarget "PacksyncUITests" */;
			buildPhases = (
				D1BB4D8C33A75E72BCDB8984 /* [CP] Check Pods Manifest.lock */,
				737AC41E2CCB2C79005F0B42 /* Sources */,
				737AC41F2CCB2C79005F0B42 /* Frameworks */,
				737AC4202CCB2C79005F0B42 /* Resources */,
				05FA07516DEED43F5B9C70D2 /* [CP] Embed Pods Frameworks */,
			);
			buildRules = (
			);
			dependencies = (
				737AC4242CCB2C79005F0B42 /* PBXTargetDependency */,
			);
			fileSystemSynchronizedGroups = (
				737AC4252CCB2C79005F0B42 /* PacksyncUITests */,
			);
			name = PacksyncUITests;
			productName = PacksyncUITests;
			productReference = 737AC4222CCB2C79005F0B42 /* PacksyncUITests.xctest */;
			productType = "com.apple.product-type.bundle.ui-testing";
		};
/* End PBXNativeTarget section */

/* Begin PBXProject section */
		737AC3FA2CCB2C78005F0B42 /* Project object */ = {
			isa = PBXProject;
			attributes = {
				BuildIndependentTargetsInParallel = 1;
				LastSwiftUpdateCheck = 1600;
				LastUpgradeCheck = 1600;
				TargetAttributes = {
					737AC4012CCB2C78005F0B42 = {
						CreatedOnToolsVersion = 16.0;
					};
					737AC4172CCB2C79005F0B42 = {
						CreatedOnToolsVersion = 16.0;
						TestTargetID = 737AC4012CCB2C78005F0B42;
					};
					737AC4212CCB2C79005F0B42 = {
						CreatedOnToolsVersion = 16.0;
						TestTargetID = 737AC4012CCB2C78005F0B42;
					};
				};
			};
			buildConfigurationList = 737AC3FD2CCB2C78005F0B42 /* Build configuration list for PBXProject "Packsync" */;
			developmentRegion = en;
			hasScannedForEncodings = 0;
			knownRegions = (
				en,
				Base,
			);
			mainGroup = 737AC3F92CCB2C78005F0B42;
			minimizedProjectReferenceProxies = 1;
			preferredProjectObjectVersion = 77;
			productRefGroup = 737AC4032CCB2C78005F0B42 /* Products */;
			projectDirPath = "";
			projectRoot = "";
			targets = (
				737AC4012CCB2C78005F0B42 /* Packsync */,
				737AC4172CCB2C79005F0B42 /* PacksyncTests */,
				737AC4212CCB2C79005F0B42 /* PacksyncUITests */,
			);
		};
/* End PBXProject section */

/* Begin PBXResourcesBuildPhase section */
		737AC4002CCB2C78005F0B42 /* Resources */ = {
			isa = PBXResourcesBuildPhase;
			buildActionMask = 2147483647;
			files = (
			);
			runOnlyForDeploymentPostprocessing = 0;
		};
		737AC4162CCB2C79005F0B42 /* Resources */ = {
			isa = PBXResourcesBuildPhase;
			buildActionMask = 2147483647;
			files = (
			);
			runOnlyForDeploymentPostprocessing = 0;
		};
		737AC4202CCB2C79005F0B42 /* Resources */ = {
			isa = PBXResourcesBuildPhase;
			buildActionMask = 2147483647;
			files = (
			);
			runOnlyForDeploymentPostprocessing = 0;
		};
/* End PBXResourcesBuildPhase section */

/* Begin PBXShellScriptBuildPhase section */
		05FA07516DEED43F5B9C70D2 /* [CP] Embed Pods Frameworks */ = {
			isa = PBXShellScriptBuildPhase;
			buildActionMask = 2147483647;
			files = (
			);
			inputFileListPaths = (
				"${PODS_ROOT}/Target Support Files/Pods-Packsync-PacksyncUITests/Pods-Packsync-PacksyncUITests-frameworks-${CONFIGURATION}-input-files.xcfilelist",
			);
			name = "[CP] Embed Pods Frameworks";
			outputFileListPaths = (
				"${PODS_ROOT}/Target Support Files/Pods-Packsync-PacksyncUITests/Pods-Packsync-PacksyncUITests-frameworks-${CONFIGURATION}-output-files.xcfilelist",
			);
			runOnlyForDeploymentPostprocessing = 0;
			shellPath = /bin/sh;
			shellScript = "\"${PODS_ROOT}/Target Support Files/Pods-Packsync-PacksyncUITests/Pods-Packsync-PacksyncUITests-frameworks.sh\"\n";
			showEnvVarsInLog = 0;
		};
		0F353AC6309F2E0A68E2A6D0 /* [CP] Check Pods Manifest.lock */ = {
			isa = PBXShellScriptBuildPhase;
			buildActionMask = 2147483647;
			files = (
			);
			inputFileListPaths = (
			);
			inputPaths = (
				"${PODS_PODFILE_DIR_PATH}/Podfile.lock",
				"${PODS_ROOT}/Manifest.lock",
			);
			name = "[CP] Check Pods Manifest.lock";
			outputFileListPaths = (
			);
			outputPaths = (
				"$(DERIVED_FILE_DIR)/Pods-PacksyncTests-checkManifestLockResult.txt",
			);
			runOnlyForDeploymentPostprocessing = 0;
			shellPath = /bin/sh;
			shellScript = "diff \"${PODS_PODFILE_DIR_PATH}/Podfile.lock\" \"${PODS_ROOT}/Manifest.lock\" > /dev/null\nif [ $? != 0 ] ; then\n    # print error to STDERR\n    echo \"error: The sandbox is not in sync with the Podfile.lock. Run 'pod install' or update your CocoaPods installation.\" >&2\n    exit 1\nfi\n# This output is used by Xcode 'outputs' to avoid re-running this script phase.\necho \"SUCCESS\" > \"${SCRIPT_OUTPUT_FILE_0}\"\n";
			showEnvVarsInLog = 0;
		};
		2CB5F2963A856EF208BA589D /* [CP] Check Pods Manifest.lock */ = {
			isa = PBXShellScriptBuildPhase;
			buildActionMask = 2147483647;
			files = (
			);
			inputFileListPaths = (
			);
			inputPaths = (
				"${PODS_PODFILE_DIR_PATH}/Podfile.lock",
				"${PODS_ROOT}/Manifest.lock",
			);
			name = "[CP] Check Pods Manifest.lock";
			outputFileListPaths = (
			);
			outputPaths = (
				"$(DERIVED_FILE_DIR)/Pods-Packsync-checkManifestLockResult.txt",
			);
			runOnlyForDeploymentPostprocessing = 0;
			shellPath = /bin/sh;
			shellScript = "diff \"${PODS_PODFILE_DIR_PATH}/Podfile.lock\" \"${PODS_ROOT}/Manifest.lock\" > /dev/null\nif [ $? != 0 ] ; then\n    # print error to STDERR\n    echo \"error: The sandbox is not in sync with the Podfile.lock. Run 'pod install' or update your CocoaPods installation.\" >&2\n    exit 1\nfi\n# This output is used by Xcode 'outputs' to avoid re-running this script phase.\necho \"SUCCESS\" > \"${SCRIPT_OUTPUT_FILE_0}\"\n";
			showEnvVarsInLog = 0;
		};
		A21243143888E19961D3965A /* [CP] Embed Pods Frameworks */ = {
			isa = PBXShellScriptBuildPhase;
			buildActionMask = 2147483647;
			files = (
			);
			inputFileListPaths = (
				"${PODS_ROOT}/Target Support Files/Pods-Packsync/Pods-Packsync-frameworks-${CONFIGURATION}-input-files.xcfilelist",
			);
			name = "[CP] Embed Pods Frameworks";
			outputFileListPaths = (
				"${PODS_ROOT}/Target Support Files/Pods-Packsync/Pods-Packsync-frameworks-${CONFIGURATION}-output-files.xcfilelist",
			);
			runOnlyForDeploymentPostprocessing = 0;
			shellPath = /bin/sh;
			shellScript = "\"${PODS_ROOT}/Target Support Files/Pods-Packsync/Pods-Packsync-frameworks.sh\"\n";
			showEnvVarsInLog = 0;
		};
		D1BB4D8C33A75E72BCDB8984 /* [CP] Check Pods Manifest.lock */ = {
			isa = PBXShellScriptBuildPhase;
			buildActionMask = 2147483647;
			files = (
			);
			inputFileListPaths = (
			);
			inputPaths = (
				"${PODS_PODFILE_DIR_PATH}/Podfile.lock",
				"${PODS_ROOT}/Manifest.lock",
			);
			name = "[CP] Check Pods Manifest.lock";
			outputFileListPaths = (
			);
			outputPaths = (
				"$(DERIVED_FILE_DIR)/Pods-Packsync-PacksyncUITests-checkManifestLockResult.txt",
			);
			runOnlyForDeploymentPostprocessing = 0;
			shellPath = /bin/sh;
			shellScript = "diff \"${PODS_PODFILE_DIR_PATH}/Podfile.lock\" \"${PODS_ROOT}/Manifest.lock\" > /dev/null\nif [ $? != 0 ] ; then\n    # print error to STDERR\n    echo \"error: The sandbox is not in sync with the Podfile.lock. Run 'pod install' or update your CocoaPods installation.\" >&2\n    exit 1\nfi\n# This output is used by Xcode 'outputs' to avoid re-running this script phase.\necho \"SUCCESS\" > \"${SCRIPT_OUTPUT_FILE_0}\"\n";
			showEnvVarsInLog = 0;
		};
/* End PBXShellScriptBuildPhase section */

/* Begin PBXSourcesBuildPhase section */
		737AC3FE2CCB2C78005F0B42 /* Sources */ = {
			isa = PBXSourcesBuildPhase;
			buildActionMask = 2147483647;
			files = (
			);
			runOnlyForDeploymentPostprocessing = 0;
		};
		737AC4142CCB2C79005F0B42 /* Sources */ = {
			isa = PBXSourcesBuildPhase;
			buildActionMask = 2147483647;
			files = (
			);
			runOnlyForDeploymentPostprocessing = 0;
		};
		737AC41E2CCB2C79005F0B42 /* Sources */ = {
			isa = PBXSourcesBuildPhase;
			buildActionMask = 2147483647;
			files = (
			);
			runOnlyForDeploymentPostprocessing = 0;
		};
/* End PBXSourcesBuildPhase section */

/* Begin PBXTargetDependency section */
		737AC41A2CCB2C79005F0B42 /* PBXTargetDependency */ = {
			isa = PBXTargetDependency;
			target = 737AC4012CCB2C78005F0B42 /* Packsync */;
			targetProxy = 737AC4192CCB2C79005F0B42 /* PBXContainerItemProxy */;
		};
		737AC4242CCB2C79005F0B42 /* PBXTargetDependency */ = {
			isa = PBXTargetDependency;
			target = 737AC4012CCB2C78005F0B42 /* Packsync */;
			targetProxy = 737AC4232CCB2C79005F0B42 /* PBXContainerItemProxy */;
		};
/* End PBXTargetDependency section */

/* Begin XCBuildConfiguration section */
		737AC42C2CCB2C79005F0B42 /* Debug */ = {
			isa = XCBuildConfiguration;
			baseConfigurationReference = 417A1F4FED55E21A08E652A3 /* Pods-Packsync.debug.xcconfig */;
			buildSettings = {
				ASSETCATALOG_COMPILER_APPICON_NAME = AppIcon;
				ASSETCATALOG_COMPILER_GLOBAL_ACCENT_COLOR_NAME = AccentColor;
				CODE_SIGN_STYLE = Automatic;
				CURRENT_PROJECT_VERSION = 1;
				DEVELOPMENT_TEAM = F25GKL79V7;
				GENERATE_INFOPLIST_FILE = YES;
				INFOPLIST_FILE = Packsync/Info.plist;
				INFOPLIST_KEY_UIApplicationSupportsIndirectInputEvents = YES;
				INFOPLIST_KEY_UILaunchStoryboardName = LaunchScreen;
				INFOPLIST_KEY_UIMainStoryboardFile = Main;
				INFOPLIST_KEY_UISupportedInterfaceOrientations_iPad = "UIInterfaceOrientationPortrait UIInterfaceOrientationPortraitUpsideDown UIInterfaceOrientationLandscapeLeft UIInterfaceOrientationLandscapeRight";
				INFOPLIST_KEY_UISupportedInterfaceOrientations_iPhone = "UIInterfaceOrientationPortrait UIInterfaceOrientationLandscapeLeft UIInterfaceOrientationLandscapeRight";
				LD_RUNPATH_SEARCH_PATHS = (
					"$(inherited)",
					"@executable_path/Frameworks",
				);
				MARKETING_VERSION = 1.0;
				PRODUCT_BUNDLE_IDENTIFIER = com.nuios.Packsync;
				PRODUCT_NAME = "$(TARGET_NAME)";
				SWIFT_EMIT_LOC_STRINGS = YES;
				SWIFT_VERSION = 5.0;
				TARGETED_DEVICE_FAMILY = "1,2";
			};
			name = Debug;
		};
		737AC42D2CCB2C79005F0B42 /* Release */ = {
			isa = XCBuildConfiguration;
			baseConfigurationReference = A863B5657C604F2DD285F241 /* Pods-Packsync.release.xcconfig */;
			buildSettings = {
				ASSETCATALOG_COMPILER_APPICON_NAME = AppIcon;
				ASSETCATALOG_COMPILER_GLOBAL_ACCENT_COLOR_NAME = AccentColor;
				CODE_SIGN_STYLE = Automatic;
				CURRENT_PROJECT_VERSION = 1;
				DEVELOPMENT_TEAM = F25GKL79V7;
				GENERATE_INFOPLIST_FILE = YES;
				INFOPLIST_FILE = Packsync/Info.plist;
				INFOPLIST_KEY_UIApplicationSupportsIndirectInputEvents = YES;
				INFOPLIST_KEY_UILaunchStoryboardName = LaunchScreen;
				INFOPLIST_KEY_UIMainStoryboardFile = Main;
				INFOPLIST_KEY_UISupportedInterfaceOrientations_iPad = "UIInterfaceOrientationPortrait UIInterfaceOrientationPortraitUpsideDown UIInterfaceOrientationLandscapeLeft UIInterfaceOrientationLandscapeRight";
				INFOPLIST_KEY_UISupportedInterfaceOrientations_iPhone = "UIInterfaceOrientationPortrait UIInterfaceOrientationLandscapeLeft UIInterfaceOrientationLandscapeRight";
				LD_RUNPATH_SEARCH_PATHS = (
					"$(inherited)",
					"@executable_path/Frameworks",
				);
				MARKETING_VERSION = 1.0;
				PRODUCT_BUNDLE_IDENTIFIER = com.nuios.Packsync;
				PRODUCT_NAME = "$(TARGET_NAME)";
				SWIFT_EMIT_LOC_STRINGS = YES;
				SWIFT_VERSION = 5.0;
				TARGETED_DEVICE_FAMILY = "1,2";
			};
			name = Release;
		};
		737AC42E2CCB2C79005F0B42 /* Debug */ = {
			isa = XCBuildConfiguration;
			buildSettings = {
				ALWAYS_SEARCH_USER_PATHS = NO;
				ASSETCATALOG_COMPILER_GENERATE_SWIFT_ASSET_SYMBOL_EXTENSIONS = YES;
				CLANG_ANALYZER_NONNULL = YES;
				CLANG_ANALYZER_NUMBER_OBJECT_CONVERSION = YES_AGGRESSIVE;
				CLANG_CXX_LANGUAGE_STANDARD = "gnu++20";
				CLANG_ENABLE_MODULES = YES;
				CLANG_ENABLE_OBJC_ARC = YES;
				CLANG_ENABLE_OBJC_WEAK = YES;
				CLANG_WARN_BLOCK_CAPTURE_AUTORELEASING = YES;
				CLANG_WARN_BOOL_CONVERSION = YES;
				CLANG_WARN_COMMA = YES;
				CLANG_WARN_CONSTANT_CONVERSION = YES;
				CLANG_WARN_DEPRECATED_OBJC_IMPLEMENTATIONS = YES;
				CLANG_WARN_DIRECT_OBJC_ISA_USAGE = YES_ERROR;
				CLANG_WARN_DOCUMENTATION_COMMENTS = YES;
				CLANG_WARN_EMPTY_BODY = YES;
				CLANG_WARN_ENUM_CONVERSION = YES;
				CLANG_WARN_INFINITE_RECURSION = YES;
				CLANG_WARN_INT_CONVERSION = YES;
				CLANG_WARN_NON_LITERAL_NULL_CONVERSION = YES;
				CLANG_WARN_OBJC_IMPLICIT_RETAIN_SELF = YES;
				CLANG_WARN_OBJC_LITERAL_CONVERSION = YES;
				CLANG_WARN_OBJC_ROOT_CLASS = YES_ERROR;
				CLANG_WARN_QUOTED_INCLUDE_IN_FRAMEWORK_HEADER = YES;
				CLANG_WARN_RANGE_LOOP_ANALYSIS = YES;
				CLANG_WARN_STRICT_PROTOTYPES = YES;
				CLANG_WARN_SUSPICIOUS_MOVE = YES;
				CLANG_WARN_UNGUARDED_AVAILABILITY = YES_AGGRESSIVE;
				CLANG_WARN_UNREACHABLE_CODE = YES;
				CLANG_WARN__DUPLICATE_METHOD_MATCH = YES;
				COPY_PHASE_STRIP = NO;
				DEBUG_INFORMATION_FORMAT = dwarf;
				ENABLE_STRICT_OBJC_MSGSEND = YES;
				ENABLE_TESTABILITY = YES;
				ENABLE_USER_SCRIPT_SANDBOXING = NO;
				GCC_C_LANGUAGE_STANDARD = gnu17;
				GCC_DYNAMIC_NO_PIC = NO;
				GCC_NO_COMMON_BLOCKS = YES;
				GCC_OPTIMIZATION_LEVEL = 0;
				GCC_PREPROCESSOR_DEFINITIONS = (
					"DEBUG=1",
					"$(inherited)",
				);
				GCC_WARN_64_TO_32_BIT_CONVERSION = YES;
				GCC_WARN_ABOUT_RETURN_TYPE = YES_ERROR;
				GCC_WARN_UNDECLARED_SELECTOR = YES;
				GCC_WARN_UNINITIALIZED_AUTOS = YES_AGGRESSIVE;
				GCC_WARN_UNUSED_FUNCTION = YES;
				GCC_WARN_UNUSED_VARIABLE = YES;
				IPHONEOS_DEPLOYMENT_TARGET = 18.0;
				LOCALIZATION_PREFERS_STRING_CATALOGS = YES;
				MTL_ENABLE_DEBUG_INFO = INCLUDE_SOURCE;
				MTL_FAST_MATH = YES;
				ONLY_ACTIVE_ARCH = YES;
				SDKROOT = iphoneos;
				SWIFT_ACTIVE_COMPILATION_CONDITIONS = "DEBUG $(inherited)";
				SWIFT_OPTIMIZATION_LEVEL = "-Onone";
			};
			name = Debug;
		};
		737AC42F2CCB2C79005F0B42 /* Release */ = {
			isa = XCBuildConfiguration;
			buildSettings = {
				ALWAYS_SEARCH_USER_PATHS = NO;
				ASSETCATALOG_COMPILER_GENERATE_SWIFT_ASSET_SYMBOL_EXTENSIONS = YES;
				CLANG_ANALYZER_NONNULL = YES;
				CLANG_ANALYZER_NUMBER_OBJECT_CONVERSION = YES_AGGRESSIVE;
				CLANG_CXX_LANGUAGE_STANDARD = "gnu++20";
				CLANG_ENABLE_MODULES = YES;
				CLANG_ENABLE_OBJC_ARC = YES;
				CLANG_ENABLE_OBJC_WEAK = YES;
				CLANG_WARN_BLOCK_CAPTURE_AUTORELEASING = YES;
				CLANG_WARN_BOOL_CONVERSION = YES;
				CLANG_WARN_COMMA = YES;
				CLANG_WARN_CONSTANT_CONVERSION = YES;
				CLANG_WARN_DEPRECATED_OBJC_IMPLEMENTATIONS = YES;
				CLANG_WARN_DIRECT_OBJC_ISA_USAGE = YES_ERROR;
				CLANG_WARN_DOCUMENTATION_COMMENTS = YES;
				CLANG_WARN_EMPTY_BODY = YES;
				CLANG_WARN_ENUM_CONVERSION = YES;
				CLANG_WARN_INFINITE_RECURSION = YES;
				CLANG_WARN_INT_CONVERSION = YES;
				CLANG_WARN_NON_LITERAL_NULL_CONVERSION = YES;
				CLANG_WARN_OBJC_IMPLICIT_RETAIN_SELF = YES;
				CLANG_WARN_OBJC_LITERAL_CONVERSION = YES;
				CLANG_WARN_OBJC_ROOT_CLASS = YES_ERROR;
				CLANG_WARN_QUOTED_INCLUDE_IN_FRAMEWORK_HEADER = YES;
				CLANG_WARN_RANGE_LOOP_ANALYSIS = YES;
				CLANG_WARN_STRICT_PROTOTYPES = YES;
				CLANG_WARN_SUSPICIOUS_MOVE = YES;
				CLANG_WARN_UNGUARDED_AVAILABILITY = YES_AGGRESSIVE;
				CLANG_WARN_UNREACHABLE_CODE = YES;
				CLANG_WARN__DUPLICATE_METHOD_MATCH = YES;
				COPY_PHASE_STRIP = NO;
				DEBUG_INFORMATION_FORMAT = "dwarf-with-dsym";
				ENABLE_NS_ASSERTIONS = NO;
				ENABLE_STRICT_OBJC_MSGSEND = YES;
				ENABLE_USER_SCRIPT_SANDBOXING = NO;
				GCC_C_LANGUAGE_STANDARD = gnu17;
				GCC_NO_COMMON_BLOCKS = YES;
				GCC_WARN_64_TO_32_BIT_CONVERSION = YES;
				GCC_WARN_ABOUT_RETURN_TYPE = YES_ERROR;
				GCC_WARN_UNDECLARED_SELECTOR = YES;
				GCC_WARN_UNINITIALIZED_AUTOS = YES_AGGRESSIVE;
				GCC_WARN_UNUSED_FUNCTION = YES;
				GCC_WARN_UNUSED_VARIABLE = YES;
				IPHONEOS_DEPLOYMENT_TARGET = 18.0;
				LOCALIZATION_PREFERS_STRING_CATALOGS = YES;
				MTL_ENABLE_DEBUG_INFO = NO;
				MTL_FAST_MATH = YES;
				SDKROOT = iphoneos;
				SWIFT_COMPILATION_MODE = wholemodule;
				VALIDATE_PRODUCT = YES;
			};
			name = Release;
		};
		737AC4312CCB2C79005F0B42 /* Debug */ = {
			isa = XCBuildConfiguration;
			baseConfigurationReference = A3737AE117543986608DC630 /* Pods-PacksyncTests.debug.xcconfig */;
			buildSettings = {
				BUNDLE_LOADER = "$(TEST_HOST)";
				CODE_SIGN_STYLE = Automatic;
				CURRENT_PROJECT_VERSION = 1;
				GENERATE_INFOPLIST_FILE = YES;
				IPHONEOS_DEPLOYMENT_TARGET = 18.0;
				MARKETING_VERSION = 1.0;
				PRODUCT_BUNDLE_IDENTIFIER = com.nuios.PacksyncTests;
				PRODUCT_NAME = "$(TARGET_NAME)";
				SWIFT_EMIT_LOC_STRINGS = NO;
				SWIFT_VERSION = 5.0;
				TARGETED_DEVICE_FAMILY = "1,2";
				TEST_HOST = "$(BUILT_PRODUCTS_DIR)/Packsync.app/$(BUNDLE_EXECUTABLE_FOLDER_PATH)/Packsync";
			};
			name = Debug;
		};
		737AC4322CCB2C79005F0B42 /* Release */ = {
			isa = XCBuildConfiguration;
			baseConfigurationReference = 010872923AF6786A876453AC /* Pods-PacksyncTests.release.xcconfig */;
			buildSettings = {
				BUNDLE_LOADER = "$(TEST_HOST)";
				CODE_SIGN_STYLE = Automatic;
				CURRENT_PROJECT_VERSION = 1;
				GENERATE_INFOPLIST_FILE = YES;
				IPHONEOS_DEPLOYMENT_TARGET = 18.0;
				MARKETING_VERSION = 1.0;
				PRODUCT_BUNDLE_IDENTIFIER = com.nuios.PacksyncTests;
				PRODUCT_NAME = "$(TARGET_NAME)";
				SWIFT_EMIT_LOC_STRINGS = NO;
				SWIFT_VERSION = 5.0;
				TARGETED_DEVICE_FAMILY = "1,2";
				TEST_HOST = "$(BUILT_PRODUCTS_DIR)/Packsync.app/$(BUNDLE_EXECUTABLE_FOLDER_PATH)/Packsync";
			};
			name = Release;
		};
		737AC4342CCB2C79005F0B42 /* Debug */ = {
			isa = XCBuildConfiguration;
			baseConfigurationReference = B55250005CC21B4E23B51E76 /* Pods-Packsync-PacksyncUITests.debug.xcconfig */;
			buildSettings = {
				CODE_SIGN_STYLE = Automatic;
				CURRENT_PROJECT_VERSION = 1;
				GENERATE_INFOPLIST_FILE = YES;
				MARKETING_VERSION = 1.0;
				PRODUCT_BUNDLE_IDENTIFIER = com.nuios.PacksyncUITests;
				PRODUCT_NAME = "$(TARGET_NAME)";
				SWIFT_EMIT_LOC_STRINGS = NO;
				SWIFT_VERSION = 5.0;
				TARGETED_DEVICE_FAMILY = "1,2";
				TEST_TARGET_NAME = Packsync;
			};
			name = Debug;
		};
		737AC4352CCB2C79005F0B42 /* Release */ = {
			isa = XCBuildConfiguration;
			baseConfigurationReference = FFAAFE02DC54AAFC36E0CADA /* Pods-Packsync-PacksyncUITests.release.xcconfig */;
			buildSettings = {
				CODE_SIGN_STYLE = Automatic;
				CURRENT_PROJECT_VERSION = 1;
				GENERATE_INFOPLIST_FILE = YES;
				MARKETING_VERSION = 1.0;
				PRODUCT_BUNDLE_IDENTIFIER = com.nuios.PacksyncUITests;
				PRODUCT_NAME = "$(TARGET_NAME)";
				SWIFT_EMIT_LOC_STRINGS = NO;
				SWIFT_VERSION = 5.0;
				TARGETED_DEVICE_FAMILY = "1,2";
				TEST_TARGET_NAME = Packsync;
			};
			name = Release;
		};
/* End XCBuildConfiguration section */

/* Begin XCConfigurationList section */
		737AC3FD2CCB2C78005F0B42 /* Build configuration list for PBXProject "Packsync" */ = {
			isa = XCConfigurationList;
			buildConfigurations = (
				737AC42E2CCB2C79005F0B42 /* Debug */,
				737AC42F2CCB2C79005F0B42 /* Release */,
			);
			defaultConfigurationIsVisible = 0;
			defaultConfigurationName = Release;
		};
		737AC42B2CCB2C79005F0B42 /* Build configuration list for PBXNativeTarget "Packsync" */ = {
			isa = XCConfigurationList;
			buildConfigurations = (
				737AC42C2CCB2C79005F0B42 /* Debug */,
				737AC42D2CCB2C79005F0B42 /* Release */,
			);
			defaultConfigurationIsVisible = 0;
			defaultConfigurationName = Release;
		};
		737AC4302CCB2C79005F0B42 /* Build configuration list for PBXNativeTarget "PacksyncTests" */ = {
			isa = XCConfigurationList;
			buildConfigurations = (
				737AC4312CCB2C79005F0B42 /* Debug */,
				737AC4322CCB2C79005F0B42 /* Release */,
			);
			defaultConfigurationIsVisible = 0;
			defaultConfigurationName = Release;
		};
		737AC4332CCB2C79005F0B42 /* Build configuration list for PBXNativeTarget "PacksyncUITests" */ = {
			isa = XCConfigurationList;
			buildConfigurations = (
				737AC4342CCB2C79005F0B42 /* Debug */,
				737AC4352CCB2C79005F0B42 /* Release */,
			);
			defaultConfigurationIsVisible = 0;
			defaultConfigurationName = Release;
		};
/* End XCConfigurationList section */
	};
	rootObject = 737AC3FA2CCB2C78005F0B42 /* Project object */;
}
