// !$*UTF8*$!
{
	archiveVersion = 1;
	classes = {
	};
	objectVersion = 70;
	objects = {

/* Begin PBXBuildFile section */
		04112FB22CE5705F00371ABD /* CategoryCell.swift in Sources */ = {isa = PBXBuildFile; fileRef = 04112FB12CE5705F00371ABD /* CategoryCell.swift */; };
		04112FC02CE7C75B00371ABD /* BudgetAddEditViewController.swift in Sources */ = {isa = PBXBuildFile; fileRef = 04112FBF2CE7C75B00371ABD /* BudgetAddEditViewController.swift */; };
		04112FC22CE7CF0800371ABD /* EmojiTextField.swift in Sources */ = {isa = PBXBuildFile; fileRef = 04112FC12CE7CF0800371ABD /* EmojiTextField.swift */; };
		04112FC82CE857D300371ABD /* BudgetViewController.swift in Sources */ = {isa = PBXBuildFile; fileRef = 04112FC72CE857D300371ABD /* BudgetViewController.swift */; };
		0430CA8E2CEA92240076BBA1 /* ExpenseCell.swift in Sources */ = {isa = PBXBuildFile; fileRef = 0430CA8D2CEA92240076BBA1 /* ExpenseCell.swift */; };
		0430CA902CEA92590076BBA1 /* AddEditExpenseViewController.swift in Sources */ = {isa = PBXBuildFile; fileRef = 0430CA8F2CEA92590076BBA1 /* AddEditExpenseViewController.swift */; };
		0430CA962CEBED770076BBA1 /* ExpenseDetailsViewController.swift in Sources */ = {isa = PBXBuildFile; fileRef = 0430CA952CEBED770076BBA1 /* ExpenseDetailsViewController.swift */; };
		0430CA982CEBED900076BBA1 /* FullscreenImageViewController.swift in Sources */ = {isa = PBXBuildFile; fileRef = 0430CA972CEBED900076BBA1 /* FullscreenImageViewController.swift */; };
		0430CA9A2CEBF1AC0076BBA1 /* BudgetDetailViewController.swift in Sources */ = {isa = PBXBuildFile; fileRef = 0430CA992CEBF1AC0076BBA1 /* BudgetDetailViewController.swift */; };
		3627BA582CEA976F00D56011 /* PackinListActiveViewController.swift in Sources */ = {isa = PBXBuildFile; fileRef = 3627BA572CEA976F00D56011 /* PackinListActiveViewController.swift */; };
		365D8E7F2CE808A200453F2E /* PackingListViewController.swift in Sources */ = {isa = PBXBuildFile; fileRef = 365D8E7E2CE808A200453F2E /* PackingListViewController.swift */; };
		365D8EB52CE82DC900453F2E /* CreateVoteView.swift in Sources */ = {isa = PBXBuildFile; fileRef = 365D8EB42CE82DC900453F2E /* CreateVoteView.swift */; };
		365D8EB72CE82DDB00453F2E /* CreateVoteViewController.swift in Sources */ = {isa = PBXBuildFile; fileRef = 365D8EB62CE82DDB00453F2E /* CreateVoteViewController.swift */; };
		36EBDBC32CE6BF5500013D30 /* PacksyncTests.swift in Sources */ = {isa = PBXBuildFile; fileRef = 36EBDBC12CE6BF5500013D30 /* PacksyncTests.swift */; };
		36EBDBC72CE6BF5800013D30 /* PacksyncUITests.swift in Sources */ = {isa = PBXBuildFile; fileRef = 36EBDBC42CE6BF5800013D30 /* PacksyncUITests.swift */; };
		36EBDBC82CE6BF5800013D30 /* PacksyncUITestsLaunchTests.swift in Sources */ = {isa = PBXBuildFile; fileRef = 36EBDBC52CE6BF5800013D30 /* PacksyncUITestsLaunchTests.swift */; };
		46E518CAE98CB037ED907926 /* Pods_PacksyncTests.framework in Frameworks */ = {isa = PBXBuildFile; fileRef = B53D62DCCFEC3DF06D134EB7 /* Pods_PacksyncTests.framework */; };
		4C7E69952CE6B6E10056E8CC /* PackingItemCell.swift in Sources */ = {isa = PBXBuildFile; fileRef = 4C7E69912CE6B6E10056E8CC /* PackingItemCell.swift */; };
		4C7E69962CE6B6E10056E8CC /* EditPackingItemViewController.swift in Sources */ = {isa = PBXBuildFile; fileRef = 4C7E698F2CE6B6E10056E8CC /* EditPackingItemViewController.swift */; };
		4C7E69972CE6B6E10056E8CC /* EditPackingItemView.swift in Sources */ = {isa = PBXBuildFile; fileRef = 4C7E698E2CE6B6E10056E8CC /* EditPackingItemView.swift */; };
		4C7E69982CE6B6E10056E8CC /* AddPackingItemView.swift in Sources */ = {isa = PBXBuildFile; fileRef = 4C7E698B2CE6B6E10056E8CC /* AddPackingItemView.swift */; };
		4C7E69992CE6B6E10056E8CC /* PackingListView.swift in Sources */ = {isa = PBXBuildFile; fileRef = 4C7E69922CE6B6E10056E8CC /* PackingListView.swift */; };
		4C7E699A2CE6B6E10056E8CC /* AddPackingItemViewController.swift in Sources */ = {isa = PBXBuildFile; fileRef = 4C7E698C2CE6B6E10056E8CC /* AddPackingItemViewController.swift */; };
		4C8783982CE9B91F00B4F5C0 /* InvitationCell.swift in Sources */ = {isa = PBXBuildFile; fileRef = 4C8783972CE9B91F00B4F5C0 /* InvitationCell.swift */; };
		4CC0792B2CE42AD4009364D8 /* ActivePlanNotification.swift in Sources */ = {isa = PBXBuildFile; fileRef = 4CC078DC2CE42AD4009364D8 /* ActivePlanNotification.swift */; };
		4CC0792C2CE42AD4009364D8 /* TravelPlanManager.swift in Sources */ = {isa = PBXBuildFile; fileRef = 4CC078DD2CE42AD4009364D8 /* TravelPlanManager.swift */; };
		4CC0792F2CE42AD4009364D8 /* BillboardView.swift in Sources */ = {isa = PBXBuildFile; fileRef = 4CC078E22CE42AD4009364D8 /* BillboardView.swift */; };
		4CC079302CE42AD4009364D8 /* BillboardViewController.swift in Sources */ = {isa = PBXBuildFile; fileRef = 4CC078E32CE42AD4009364D8 /* BillboardViewController.swift */; };
		4CC079332CE42AD4009364D8 /* FriendsListView.swift in Sources */ = {isa = PBXBuildFile; fileRef = 4CC078E82CE42AD4009364D8 /* FriendsListView.swift */; };
		4CC079342CE42AD4009364D8 /* FriendsListViewController.swift in Sources */ = {isa = PBXBuildFile; fileRef = 4CC078E92CE42AD4009364D8 /* FriendsListViewController.swift */; };
		4CC079352CE42AD4009364D8 /* InviteFriendsView.swift in Sources */ = {isa = PBXBuildFile; fileRef = 4CC078EB2CE42AD4009364D8 /* InviteFriendsView.swift */; };
		4CC079362CE42AD4009364D8 /* InviteFriendsViewController.swift in Sources */ = {isa = PBXBuildFile; fileRef = 4CC078EC2CE42AD4009364D8 /* InviteFriendsViewController.swift */; };
		4CC079372CE42AD4009364D8 /* Category.swift in Sources */ = {isa = PBXBuildFile; fileRef = 4CC078EE2CE42AD4009364D8 /* Category.swift */; };
		4CC079382CE42AD4009364D8 /* GroupExpense.swift in Sources */ = {isa = PBXBuildFile; fileRef = 4CC078EF2CE42AD4009364D8 /* GroupExpense.swift */; };
		4CC079392CE42AD4009364D8 /* Invitation.swift in Sources */ = {isa = PBXBuildFile; fileRef = 4CC078F02CE42AD4009364D8 /* Invitation.swift */; };
		4CC0793A2CE42AD4009364D8 /* PackingItem.swift in Sources */ = {isa = PBXBuildFile; fileRef = 4CC078F12CE42AD4009364D8 /* PackingItem.swift */; };
		4CC0793B2CE42AD4009364D8 /* SpendingItem.swift in Sources */ = {isa = PBXBuildFile; fileRef = 4CC078F22CE42AD4009364D8 /* SpendingItem.swift */; };
		4CC0793C2CE42AD4009364D8 /* Travel.swift in Sources */ = {isa = PBXBuildFile; fileRef = 4CC078F32CE42AD4009364D8 /* Travel.swift */; };
		4CC0793D2CE42AD4009364D8 /* User.swift in Sources */ = {isa = PBXBuildFile; fileRef = 4CC078F42CE42AD4009364D8 /* User.swift */; };
		4CC079402CE42AD4009364D8 /* ProfileView.swift in Sources */ = {isa = PBXBuildFile; fileRef = 4CC078F92CE42AD4009364D8 /* ProfileView.swift */; };
		4CC079412CE42AD4009364D8 /* ProfileViewController.swift in Sources */ = {isa = PBXBuildFile; fileRef = 4CC078FA2CE42AD4009364D8 /* ProfileViewController.swift */; };
		4CC079422CE42AD4009364D8 /* ProgressSpinnerDelegate.swift in Sources */ = {isa = PBXBuildFile; fileRef = 4CC078FC2CE42AD4009364D8 /* ProgressSpinnerDelegate.swift */; };
		4CC079432CE42AD4009364D8 /* ProgressSpinnerViewController.swift in Sources */ = {isa = PBXBuildFile; fileRef = 4CC078FD2CE42AD4009364D8 /* ProgressSpinnerViewController.swift */; };
		4CC079442CE42AD4009364D8 /* RegisterProgressIndicatorManager.swift in Sources */ = {isa = PBXBuildFile; fileRef = 4CC078FF2CE42AD4009364D8 /* RegisterProgressIndicatorManager.swift */; };
		4CC079452CE42AD4009364D8 /* SignUpFirebaseManager.swift in Sources */ = {isa = PBXBuildFile; fileRef = 4CC079002CE42AD4009364D8 /* SignUpFirebaseManager.swift */; };
		4CC079462CE42AD4009364D8 /* SignUpView.swift in Sources */ = {isa = PBXBuildFile; fileRef = 4CC079012CE42AD4009364D8 /* SignUpView.swift */; };
		4CC079472CE42AD4009364D8 /* SignUpViewController.swift in Sources */ = {isa = PBXBuildFile; fileRef = 4CC079022CE42AD4009364D8 /* SignUpViewController.swift */; };
		4CC079492CE42AD4009364D8 /* ExpensesViewController.swift in Sources */ = {isa = PBXBuildFile; fileRef = 4CC079062CE42AD4009364D8 /* ExpensesViewController.swift */; };
		4CC0794A2CE42AD4009364D8 /* OverviewViewController.swift in Sources */ = {isa = PBXBuildFile; fileRef = 4CC079082CE42AD4009364D8 /* OverviewViewController.swift */; };
		4CC0794B2CE42AD4009364D8 /* SplitViewController.swift in Sources */ = {isa = PBXBuildFile; fileRef = 4CC0790A2CE42AD4009364D8 /* SplitViewController.swift */; };
		4CC0794C2CE42AD4009364D8 /* SpendingFirebaseManager.swift in Sources */ = {isa = PBXBuildFile; fileRef = 4CC0790C2CE42AD4009364D8 /* SpendingFirebaseManager.swift */; };
		4CC0794E2CE42AD4009364D8 /* SpendingView.swift in Sources */ = {isa = PBXBuildFile; fileRef = 4CC0790E2CE42AD4009364D8 /* SpendingView.swift */; };
		4CC0794F2CE42AD4009364D8 /* SpendingViewController.swift in Sources */ = {isa = PBXBuildFile; fileRef = 4CC0790F2CE42AD4009364D8 /* SpendingViewController.swift */; };
		4CC079502CE42AD4009364D8 /* EditTravelDetailView.swift in Sources */ = {isa = PBXBuildFile; fileRef = 4CC079112CE42AD4009364D8 /* EditTravelDetailView.swift */; };
		4CC079512CE42AD4009364D8 /* EditTravelDetailViewController.swift in Sources */ = {isa = PBXBuildFile; fileRef = 4CC079122CE42AD4009364D8 /* EditTravelDetailViewController.swift */; };
		4CC079522CE42AD4009364D8 /* TravelDetailView.swift in Sources */ = {isa = PBXBuildFile; fileRef = 4CC079132CE42AD4009364D8 /* TravelDetailView.swift */; };
		4CC079532CE42AD4009364D8 /* TravelDetailViewController.swift in Sources */ = {isa = PBXBuildFile; fileRef = 4CC079142CE42AD4009364D8 /* TravelDetailViewController.swift */; };
		4CC079542CE42AD4009364D8 /* ActivePlanViewController.swift in Sources */ = {isa = PBXBuildFile; fileRef = 4CC079162CE42AD4009364D8 /* ActivePlanViewController.swift */; };
		4CC079552CE42AD4009364D8 /* AddANewTravelPlanController.swift in Sources */ = {isa = PBXBuildFile; fileRef = 4CC079172CE42AD4009364D8 /* AddANewTravelPlanController.swift */; };
		4CC079562CE42AD4009364D8 /* AddANewTravelPlanView.swift in Sources */ = {isa = PBXBuildFile; fileRef = 4CC079182CE42AD4009364D8 /* AddANewTravelPlanView.swift */; };
		4CC079572CE42AD4009364D8 /* LeftBarButttonManager.swift in Sources */ = {isa = PBXBuildFile; fileRef = 4CC079192CE42AD4009364D8 /* LeftBarButttonManager.swift */; };
		4CC079582CE42AD4009364D8 /* TravelPlanTableViewCell.swift in Sources */ = {isa = PBXBuildFile; fileRef = 4CC0791A2CE42AD4009364D8 /* TravelPlanTableViewCell.swift */; };
		4CC0795A2CE42AD4009364D8 /* TravelView.swift in Sources */ = {isa = PBXBuildFile; fileRef = 4CC0791C2CE42AD4009364D8 /* TravelView.swift */; };
		4CC0795B2CE42AD4009364D8 /* TravelViewController.swift in Sources */ = {isa = PBXBuildFile; fileRef = 4CC0791D2CE42AD4009364D8 /* TravelViewController.swift */; };
		4CC0795C2CE42AD4009364D8 /* AppDelegate.swift in Sources */ = {isa = PBXBuildFile; fileRef = 4CC0791F2CE42AD4009364D8 /* AppDelegate.swift */; };
		4CC0795D2CE42AD4009364D8 /* Configs.swift in Sources */ = {isa = PBXBuildFile; fileRef = 4CC079212CE42AD4009364D8 /* Configs.swift */; };
		4CC0795E2CE42AD4009364D8 /* SceneDelegate.swift in Sources */ = {isa = PBXBuildFile; fileRef = 4CC079282CE42AD4009364D8 /* SceneDelegate.swift */; };
		4CC0795F2CE42AD4009364D8 /* ViewController.swift in Sources */ = {isa = PBXBuildFile; fileRef = 4CC079292CE42AD4009364D8 /* ViewController.swift */; };
		4CC079602CE42AD4009364D8 /* Assets.xcassets in Resources */ = {isa = PBXBuildFile; fileRef = 4CC079202CE42AD4009364D8 /* Assets.xcassets */; };
		4CC079612CE42AD4009364D8 /* GoogleService-Info.plist in Resources */ = {isa = PBXBuildFile; fileRef = 4CC079222CE42AD4009364D8 /* GoogleService-Info.plist */; };
		4CC079632CE42AD4009364D8 /* LaunchScreen.storyboard in Resources */ = {isa = PBXBuildFile; fileRef = 4CC079252CE42AD4009364D8 /* LaunchScreen.storyboard */; };
		4CC079642CE42AD4009364D8 /* Main.storyboard in Resources */ = {isa = PBXBuildFile; fileRef = 4CC079272CE42AD4009364D8 /* Main.storyboard */; };
		6FFEB8585BCDCC4EDF5C31BC /* Pods_Packsync.framework in Frameworks */ = {isa = PBXBuildFile; fileRef = 47815A3937BAEA8942E92F76 /* Pods_Packsync.framework */; };
		73A96CDE2CEA790F006F1F9F /* PhotoFullScreenViewController.swift in Sources */ = {isa = PBXBuildFile; fileRef = 73A96CDD2CEA7902006F1F9F /* PhotoFullScreenViewController.swift */; };
		73D5904C2CE92CAD001692D0 /* Billboard.swift in Sources */ = {isa = PBXBuildFile; fileRef = 73D5904B2CE92CA0001692D0 /* Billboard.swift */; };
		73D5904E2CE93D56001692D0 /* BillboardCell.swift in Sources */ = {isa = PBXBuildFile; fileRef = 73D5904D2CE93D4E001692D0 /* BillboardCell.swift */; };
		8E881EE8AACB8F1C82DDB0A8 /* Pods_Packsync_PacksyncUITests.framework in Frameworks */ = {isa = PBXBuildFile; fileRef = D9C035B89AAA0E91C1C802EA /* Pods_Packsync_PacksyncUITests.framework */; };
/* End PBXBuildFile section */

/* Begin PBXContainerItemProxy section */
		737AC4192CCB2C79005F0B42 /* PBXContainerItemProxy */ = {
			isa = PBXContainerItemProxy;
			containerPortal = 737AC3FA2CCB2C78005F0B42 /* Project object */;
			proxyType = 1;
			remoteGlobalIDString = 737AC4012CCB2C78005F0B42;
			remoteInfo = Packsync;
		};
		737AC4232CCB2C79005F0B42 /* PBXContainerItemProxy */ = {
			isa = PBXContainerItemProxy;
			containerPortal = 737AC3FA2CCB2C78005F0B42 /* Project object */;
			proxyType = 1;
			remoteGlobalIDString = 737AC4012CCB2C78005F0B42;
			remoteInfo = Packsync;
		};
/* End PBXContainerItemProxy section */

/* Begin PBXFileReference section */
		04112FB12CE5705F00371ABD /* CategoryCell.swift */ = {isa = PBXFileReference; lastKnownFileType = sourcecode.swift; path = CategoryCell.swift; sourceTree = "<group>"; };
		04112FBF2CE7C75B00371ABD /* BudgetAddEditViewController.swift */ = {isa = PBXFileReference; lastKnownFileType = sourcecode.swift; path = BudgetAddEditViewController.swift; sourceTree = "<group>"; };
		04112FC12CE7CF0800371ABD /* EmojiTextField.swift */ = {isa = PBXFileReference; lastKnownFileType = sourcecode.swift; path = EmojiTextField.swift; sourceTree = "<group>"; };
		04112FC72CE857D300371ABD /* BudgetViewController.swift */ = {isa = PBXFileReference; lastKnownFileType = sourcecode.swift; path = BudgetViewController.swift; sourceTree = "<group>"; };
		0430CA8D2CEA92240076BBA1 /* ExpenseCell.swift */ = {isa = PBXFileReference; lastKnownFileType = sourcecode.swift; path = ExpenseCell.swift; sourceTree = "<group>"; };
		0430CA8F2CEA92590076BBA1 /* AddEditExpenseViewController.swift */ = {isa = PBXFileReference; lastKnownFileType = sourcecode.swift; path = AddEditExpenseViewController.swift; sourceTree = "<group>"; };
		0430CA952CEBED770076BBA1 /* ExpenseDetailsViewController.swift */ = {isa = PBXFileReference; lastKnownFileType = sourcecode.swift; path = ExpenseDetailsViewController.swift; sourceTree = "<group>"; };
		0430CA972CEBED900076BBA1 /* FullscreenImageViewController.swift */ = {isa = PBXFileReference; lastKnownFileType = sourcecode.swift; path = FullscreenImageViewController.swift; sourceTree = "<group>"; };
		0430CA992CEBF1AC0076BBA1 /* BudgetDetailViewController.swift */ = {isa = PBXFileReference; lastKnownFileType = sourcecode.swift; path = BudgetDetailViewController.swift; sourceTree = "<group>"; };
		20612AFFA4052AB7EDDC2562 /* Pods-Packsync-PacksyncUITests.release.xcconfig */ = {isa = PBXFileReference; includeInIndex = 1; lastKnownFileType = text.xcconfig; name = "Pods-Packsync-PacksyncUITests.release.xcconfig"; path = "Target Support Files/Pods-Packsync-PacksyncUITests/Pods-Packsync-PacksyncUITests.release.xcconfig"; sourceTree = "<group>"; };
		3627BA572CEA976F00D56011 /* PackinListActiveViewController.swift */ = {isa = PBXFileReference; lastKnownFileType = sourcecode.swift; path = PackinListActiveViewController.swift; sourceTree = "<group>"; };
		365D8E7E2CE808A200453F2E /* PackingListViewController.swift */ = {isa = PBXFileReference; lastKnownFileType = sourcecode.swift; path = PackingListViewController.swift; sourceTree = "<group>"; };
		365D8EB42CE82DC900453F2E /* CreateVoteView.swift */ = {isa = PBXFileReference; lastKnownFileType = sourcecode.swift; path = CreateVoteView.swift; sourceTree = "<group>"; };
		365D8EB62CE82DDB00453F2E /* CreateVoteViewController.swift */ = {isa = PBXFileReference; lastKnownFileType = sourcecode.swift; path = CreateVoteViewController.swift; sourceTree = "<group>"; };
		36EBDBC12CE6BF5500013D30 /* PacksyncTests.swift */ = {isa = PBXFileReference; lastKnownFileType = sourcecode.swift; path = PacksyncTests.swift; sourceTree = "<group>"; };
		36EBDBC42CE6BF5800013D30 /* PacksyncUITests.swift */ = {isa = PBXFileReference; lastKnownFileType = sourcecode.swift; path = PacksyncUITests.swift; sourceTree = "<group>"; };
		36EBDBC52CE6BF5800013D30 /* PacksyncUITestsLaunchTests.swift */ = {isa = PBXFileReference; lastKnownFileType = sourcecode.swift; path = PacksyncUITestsLaunchTests.swift; sourceTree = "<group>"; };
		47815A3937BAEA8942E92F76 /* Pods_Packsync.framework */ = {isa = PBXFileReference; explicitFileType = wrapper.framework; includeInIndex = 0; path = Pods_Packsync.framework; sourceTree = BUILT_PRODUCTS_DIR; };
		4C7E698B2CE6B6E10056E8CC /* AddPackingItemView.swift */ = {isa = PBXFileReference; lastKnownFileType = sourcecode.swift; path = AddPackingItemView.swift; sourceTree = "<group>"; };
		4C7E698C2CE6B6E10056E8CC /* AddPackingItemViewController.swift */ = {isa = PBXFileReference; lastKnownFileType = sourcecode.swift; path = AddPackingItemViewController.swift; sourceTree = "<group>"; };
		4C7E698E2CE6B6E10056E8CC /* EditPackingItemView.swift */ = {isa = PBXFileReference; lastKnownFileType = sourcecode.swift; path = EditPackingItemView.swift; sourceTree = "<group>"; };
		4C7E698F2CE6B6E10056E8CC /* EditPackingItemViewController.swift */ = {isa = PBXFileReference; lastKnownFileType = sourcecode.swift; path = EditPackingItemViewController.swift; sourceTree = "<group>"; };
		4C7E69912CE6B6E10056E8CC /* PackingItemCell.swift */ = {isa = PBXFileReference; lastKnownFileType = sourcecode.swift; path = PackingItemCell.swift; sourceTree = "<group>"; };
		4C7E69922CE6B6E10056E8CC /* PackingListView.swift */ = {isa = PBXFileReference; lastKnownFileType = sourcecode.swift; path = PackingListView.swift; sourceTree = "<group>"; };
		4C8783972CE9B91F00B4F5C0 /* InvitationCell.swift */ = {isa = PBXFileReference; lastKnownFileType = sourcecode.swift; path = InvitationCell.swift; sourceTree = "<group>"; };
		4CC078DC2CE42AD4009364D8 /* ActivePlanNotification.swift */ = {isa = PBXFileReference; lastKnownFileType = sourcecode.swift; path = ActivePlanNotification.swift; sourceTree = "<group>"; };
		4CC078DD2CE42AD4009364D8 /* TravelPlanManager.swift */ = {isa = PBXFileReference; lastKnownFileType = sourcecode.swift; path = TravelPlanManager.swift; sourceTree = "<group>"; };
		4CC078E22CE42AD4009364D8 /* BillboardView.swift */ = {isa = PBXFileReference; lastKnownFileType = sourcecode.swift; path = BillboardView.swift; sourceTree = "<group>"; };
		4CC078E32CE42AD4009364D8 /* BillboardViewController.swift */ = {isa = PBXFileReference; lastKnownFileType = sourcecode.swift; path = BillboardViewController.swift; sourceTree = "<group>"; };
		4CC078E82CE42AD4009364D8 /* FriendsListView.swift */ = {isa = PBXFileReference; lastKnownFileType = sourcecode.swift; path = FriendsListView.swift; sourceTree = "<group>"; };
		4CC078E92CE42AD4009364D8 /* FriendsListViewController.swift */ = {isa = PBXFileReference; lastKnownFileType = sourcecode.swift; path = FriendsListViewController.swift; sourceTree = "<group>"; };
		4CC078EB2CE42AD4009364D8 /* InviteFriendsView.swift */ = {isa = PBXFileReference; lastKnownFileType = sourcecode.swift; path = InviteFriendsView.swift; sourceTree = "<group>"; };
		4CC078EC2CE42AD4009364D8 /* InviteFriendsViewController.swift */ = {isa = PBXFileReference; lastKnownFileType = sourcecode.swift; path = InviteFriendsViewController.swift; sourceTree = "<group>"; };
		4CC078EE2CE42AD4009364D8 /* Category.swift */ = {isa = PBXFileReference; lastKnownFileType = sourcecode.swift; path = Category.swift; sourceTree = "<group>"; };
		4CC078EF2CE42AD4009364D8 /* GroupExpense.swift */ = {isa = PBXFileReference; lastKnownFileType = sourcecode.swift; path = GroupExpense.swift; sourceTree = "<group>"; };
		4CC078F02CE42AD4009364D8 /* Invitation.swift */ = {isa = PBXFileReference; lastKnownFileType = sourcecode.swift; path = Invitation.swift; sourceTree = "<group>"; };
		4CC078F12CE42AD4009364D8 /* PackingItem.swift */ = {isa = PBXFileReference; lastKnownFileType = sourcecode.swift; path = PackingItem.swift; sourceTree = "<group>"; };
		4CC078F22CE42AD4009364D8 /* SpendingItem.swift */ = {isa = PBXFileReference; lastKnownFileType = sourcecode.swift; path = SpendingItem.swift; sourceTree = "<group>"; };
		4CC078F32CE42AD4009364D8 /* Travel.swift */ = {isa = PBXFileReference; lastKnownFileType = sourcecode.swift; path = Travel.swift; sourceTree = "<group>"; };
		4CC078F42CE42AD4009364D8 /* User.swift */ = {isa = PBXFileReference; lastKnownFileType = sourcecode.swift; path = User.swift; sourceTree = "<group>"; };
		4CC078F92CE42AD4009364D8 /* ProfileView.swift */ = {isa = PBXFileReference; lastKnownFileType = sourcecode.swift; path = ProfileView.swift; sourceTree = "<group>"; };
		4CC078FA2CE42AD4009364D8 /* ProfileViewController.swift */ = {isa = PBXFileReference; lastKnownFileType = sourcecode.swift; path = ProfileViewController.swift; sourceTree = "<group>"; };
		4CC078FC2CE42AD4009364D8 /* ProgressSpinnerDelegate.swift */ = {isa = PBXFileReference; lastKnownFileType = sourcecode.swift; path = ProgressSpinnerDelegate.swift; sourceTree = "<group>"; };
		4CC078FD2CE42AD4009364D8 /* ProgressSpinnerViewController.swift */ = {isa = PBXFileReference; lastKnownFileType = sourcecode.swift; path = ProgressSpinnerViewController.swift; sourceTree = "<group>"; };
		4CC078FF2CE42AD4009364D8 /* RegisterProgressIndicatorManager.swift */ = {isa = PBXFileReference; lastKnownFileType = sourcecode.swift; path = RegisterProgressIndicatorManager.swift; sourceTree = "<group>"; };
		4CC079002CE42AD4009364D8 /* SignUpFirebaseManager.swift */ = {isa = PBXFileReference; lastKnownFileType = sourcecode.swift; path = SignUpFirebaseManager.swift; sourceTree = "<group>"; };
		4CC079012CE42AD4009364D8 /* SignUpView.swift */ = {isa = PBXFileReference; lastKnownFileType = sourcecode.swift; path = SignUpView.swift; sourceTree = "<group>"; };
		4CC079022CE42AD4009364D8 /* SignUpViewController.swift */ = {isa = PBXFileReference; lastKnownFileType = sourcecode.swift; path = SignUpViewController.swift; sourceTree = "<group>"; };
		4CC079062CE42AD4009364D8 /* ExpensesViewController.swift */ = {isa = PBXFileReference; lastKnownFileType = sourcecode.swift; path = ExpensesViewController.swift; sourceTree = "<group>"; };
		4CC079082CE42AD4009364D8 /* OverviewViewController.swift */ = {isa = PBXFileReference; lastKnownFileType = sourcecode.swift; path = OverviewViewController.swift; sourceTree = "<group>"; };
		4CC0790A2CE42AD4009364D8 /* SplitViewController.swift */ = {isa = PBXFileReference; lastKnownFileType = sourcecode.swift; path = SplitViewController.swift; sourceTree = "<group>"; };
		4CC0790C2CE42AD4009364D8 /* SpendingFirebaseManager.swift */ = {isa = PBXFileReference; lastKnownFileType = sourcecode.swift; path = SpendingFirebaseManager.swift; sourceTree = "<group>"; };
		4CC0790E2CE42AD4009364D8 /* SpendingView.swift */ = {isa = PBXFileReference; lastKnownFileType = sourcecode.swift; path = SpendingView.swift; sourceTree = "<group>"; };
		4CC0790F2CE42AD4009364D8 /* SpendingViewController.swift */ = {isa = PBXFileReference; lastKnownFileType = sourcecode.swift; path = SpendingViewController.swift; sourceTree = "<group>"; };
		4CC079112CE42AD4009364D8 /* EditTravelDetailView.swift */ = {isa = PBXFileReference; lastKnownFileType = sourcecode.swift; path = EditTravelDetailView.swift; sourceTree = "<group>"; };
		4CC079122CE42AD4009364D8 /* EditTravelDetailViewController.swift */ = {isa = PBXFileReference; lastKnownFileType = sourcecode.swift; path = EditTravelDetailViewController.swift; sourceTree = "<group>"; };
		4CC079132CE42AD4009364D8 /* TravelDetailView.swift */ = {isa = PBXFileReference; lastKnownFileType = sourcecode.swift; path = TravelDetailView.swift; sourceTree = "<group>"; };
		4CC079142CE42AD4009364D8 /* TravelDetailViewController.swift */ = {isa = PBXFileReference; lastKnownFileType = sourcecode.swift; path = TravelDetailViewController.swift; sourceTree = "<group>"; };
		4CC079162CE42AD4009364D8 /* ActivePlanViewController.swift */ = {isa = PBXFileReference; lastKnownFileType = sourcecode.swift; path = ActivePlanViewController.swift; sourceTree = "<group>"; };
		4CC079172CE42AD4009364D8 /* AddANewTravelPlanController.swift */ = {isa = PBXFileReference; lastKnownFileType = sourcecode.swift; path = AddANewTravelPlanController.swift; sourceTree = "<group>"; };
		4CC079182CE42AD4009364D8 /* AddANewTravelPlanView.swift */ = {isa = PBXFileReference; lastKnownFileType = sourcecode.swift; path = AddANewTravelPlanView.swift; sourceTree = "<group>"; };
		4CC079192CE42AD4009364D8 /* LeftBarButttonManager.swift */ = {isa = PBXFileReference; lastKnownFileType = sourcecode.swift; path = LeftBarButttonManager.swift; sourceTree = "<group>"; };
		4CC0791A2CE42AD4009364D8 /* TravelPlanTableViewCell.swift */ = {isa = PBXFileReference; lastKnownFileType = sourcecode.swift; path = TravelPlanTableViewCell.swift; sourceTree = "<group>"; };
		4CC0791C2CE42AD4009364D8 /* TravelView.swift */ = {isa = PBXFileReference; lastKnownFileType = sourcecode.swift; path = TravelView.swift; sourceTree = "<group>"; };
		4CC0791D2CE42AD4009364D8 /* TravelViewController.swift */ = {isa = PBXFileReference; lastKnownFileType = sourcecode.swift; path = TravelViewController.swift; sourceTree = "<group>"; };
		4CC0791F2CE42AD4009364D8 /* AppDelegate.swift */ = {isa = PBXFileReference; lastKnownFileType = sourcecode.swift; path = AppDelegate.swift; sourceTree = "<group>"; };
		4CC079202CE42AD4009364D8 /* Assets.xcassets */ = {isa = PBXFileReference; lastKnownFileType = folder.assetcatalog; path = Assets.xcassets; sourceTree = "<group>"; };
		4CC079212CE42AD4009364D8 /* Configs.swift */ = {isa = PBXFileReference; lastKnownFileType = sourcecode.swift; path = Configs.swift; sourceTree = "<group>"; };
		4CC079222CE42AD4009364D8 /* GoogleService-Info.plist */ = {isa = PBXFileReference; lastKnownFileType = text.plist.xml; path = "GoogleService-Info.plist"; sourceTree = "<group>"; };
		4CC079232CE42AD4009364D8 /* Info.plist */ = {isa = PBXFileReference; lastKnownFileType = text.plist.xml; path = Info.plist; sourceTree = "<group>"; };
		4CC079242CE42AD4009364D8 /* Base */ = {isa = PBXFileReference; lastKnownFileType = file.storyboard; name = Base; path = Base.lproj/LaunchScreen.storyboard; sourceTree = "<group>"; };
		4CC079262CE42AD4009364D8 /* Base */ = {isa = PBXFileReference; lastKnownFileType = file.storyboard; name = Base; path = Base.lproj/Main.storyboard; sourceTree = "<group>"; };
		4CC079282CE42AD4009364D8 /* SceneDelegate.swift */ = {isa = PBXFileReference; lastKnownFileType = sourcecode.swift; path = SceneDelegate.swift; sourceTree = "<group>"; };
		4CC079292CE42AD4009364D8 /* ViewController.swift */ = {isa = PBXFileReference; lastKnownFileType = sourcecode.swift; path = ViewController.swift; sourceTree = "<group>"; };
		737AC4022CCB2C78005F0B42 /* Packsync.app */ = {isa = PBXFileReference; explicitFileType = wrapper.application; includeInIndex = 0; path = Packsync.app; sourceTree = BUILT_PRODUCTS_DIR; };
		737AC4182CCB2C79005F0B42 /* PacksyncTests.xctest */ = {isa = PBXFileReference; explicitFileType = wrapper.cfbundle; includeInIndex = 0; path = PacksyncTests.xctest; sourceTree = BUILT_PRODUCTS_DIR; };
		737AC4222CCB2C79005F0B42 /* PacksyncUITests.xctest */ = {isa = PBXFileReference; explicitFileType = wrapper.cfbundle; includeInIndex = 0; path = PacksyncUITests.xctest; sourceTree = BUILT_PRODUCTS_DIR; };
		73A96CDD2CEA7902006F1F9F /* PhotoFullScreenViewController.swift */ = {isa = PBXFileReference; lastKnownFileType = sourcecode.swift; path = PhotoFullScreenViewController.swift; sourceTree = "<group>"; };
		73D5904B2CE92CA0001692D0 /* Billboard.swift */ = {isa = PBXFileReference; lastKnownFileType = sourcecode.swift; path = Billboard.swift; sourceTree = "<group>"; };
		73D5904D2CE93D4E001692D0 /* BillboardCell.swift */ = {isa = PBXFileReference; lastKnownFileType = sourcecode.swift; path = BillboardCell.swift; sourceTree = "<group>"; };
		8CF6AF13FE2DD310345CA936 /* Pods-Packsync-PacksyncUITests.debug.xcconfig */ = {isa = PBXFileReference; includeInIndex = 1; lastKnownFileType = text.xcconfig; name = "Pods-Packsync-PacksyncUITests.debug.xcconfig"; path = "Target Support Files/Pods-Packsync-PacksyncUITests/Pods-Packsync-PacksyncUITests.debug.xcconfig"; sourceTree = "<group>"; };
		8EEEDB0AE74AC19C5A01E064 /* Pods-Packsync.release.xcconfig */ = {isa = PBXFileReference; includeInIndex = 1; lastKnownFileType = text.xcconfig; name = "Pods-Packsync.release.xcconfig"; path = "Target Support Files/Pods-Packsync/Pods-Packsync.release.xcconfig"; sourceTree = "<group>"; };
		B53D62DCCFEC3DF06D134EB7 /* Pods_PacksyncTests.framework */ = {isa = PBXFileReference; explicitFileType = wrapper.framework; includeInIndex = 0; path = Pods_PacksyncTests.framework; sourceTree = BUILT_PRODUCTS_DIR; };
		B8561587736525F48AC64DF7 /* Pods-PacksyncTests.release.xcconfig */ = {isa = PBXFileReference; includeInIndex = 1; lastKnownFileType = text.xcconfig; name = "Pods-PacksyncTests.release.xcconfig"; path = "Target Support Files/Pods-PacksyncTests/Pods-PacksyncTests.release.xcconfig"; sourceTree = "<group>"; };
		D19B8A5E9EC71987B5BE6323 /* Pods-PacksyncTests.debug.xcconfig */ = {isa = PBXFileReference; includeInIndex = 1; lastKnownFileType = text.xcconfig; name = "Pods-PacksyncTests.debug.xcconfig"; path = "Target Support Files/Pods-PacksyncTests/Pods-PacksyncTests.debug.xcconfig"; sourceTree = "<group>"; };
		D9C035B89AAA0E91C1C802EA /* Pods_Packsync_PacksyncUITests.framework */ = {isa = PBXFileReference; explicitFileType = wrapper.framework; includeInIndex = 0; path = Pods_Packsync_PacksyncUITests.framework; sourceTree = BUILT_PRODUCTS_DIR; };
		FD38F63AF16ED051A412D974 /* Pods-Packsync.debug.xcconfig */ = {isa = PBXFileReference; includeInIndex = 1; lastKnownFileType = text.xcconfig; name = "Pods-Packsync.debug.xcconfig"; path = "Target Support Files/Pods-Packsync/Pods-Packsync.debug.xcconfig"; sourceTree = "<group>"; };
/* End PBXFileReference section */

/* Begin PBXFileSystemSynchronizedRootGroup section */
		04112FC32CE8254200371ABD /* Notifications */ = {isa = PBXFileSystemSynchronizedRootGroup; explicitFileTypes = {}; explicitFolders = (); path = Notifications; sourceTree = "<group>"; };
/* End PBXFileSystemSynchronizedRootGroup section */

/* Begin PBXFrameworksBuildPhase section */
		737AC3FF2CCB2C78005F0B42 /* Frameworks */ = {
			isa = PBXFrameworksBuildPhase;
			buildActionMask = 2147483647;
			files = (
				6FFEB8585BCDCC4EDF5C31BC /* Pods_Packsync.framework in Frameworks */,
			);
			runOnlyForDeploymentPostprocessing = 0;
		};
		737AC4152CCB2C79005F0B42 /* Frameworks */ = {
			isa = PBXFrameworksBuildPhase;
			buildActionMask = 2147483647;
			files = (
				46E518CAE98CB037ED907926 /* Pods_PacksyncTests.framework in Frameworks */,
			);
			runOnlyForDeploymentPostprocessing = 0;
		};
		737AC41F2CCB2C79005F0B42 /* Frameworks */ = {
			isa = PBXFrameworksBuildPhase;
			buildActionMask = 2147483647;
			files = (
				8E881EE8AACB8F1C82DDB0A8 /* Pods_Packsync_PacksyncUITests.framework in Frameworks */,
			);
			runOnlyForDeploymentPostprocessing = 0;
		};
/* End PBXFrameworksBuildPhase section */

/* Begin PBXGroup section */
		36EBDBC22CE6BF5500013D30 /* PacksyncTests */ = {
			isa = PBXGroup;
			children = (
				36EBDBC12CE6BF5500013D30 /* PacksyncTests.swift */,
			);
			path = PacksyncTests;
			sourceTree = "<group>";
		};
		36EBDBC62CE6BF5800013D30 /* PacksyncUITests */ = {
			isa = PBXGroup;
			children = (
				36EBDBC42CE6BF5800013D30 /* PacksyncUITests.swift */,
				36EBDBC52CE6BF5800013D30 /* PacksyncUITestsLaunchTests.swift */,
			);
			path = PacksyncUITests;
			sourceTree = "<group>";
		};
		4C7E698D2CE6B6E10056E8CC /* AddPackingItemScreen */ = {
			isa = PBXGroup;
			children = (
				4C7E698B2CE6B6E10056E8CC /* AddPackingItemView.swift */,
				4C7E698C2CE6B6E10056E8CC /* AddPackingItemViewController.swift */,
			);
			path = AddPackingItemScreen;
			sourceTree = "<group>";
		};
		4C7E69902CE6B6E10056E8CC /* EditPackingItemScreen */ = {
			isa = PBXGroup;
			children = (
				4C7E698E2CE6B6E10056E8CC /* EditPackingItemView.swift */,
				4C7E698F2CE6B6E10056E8CC /* EditPackingItemViewController.swift */,
			);
			path = EditPackingItemScreen;
			sourceTree = "<group>";
		};
		4C7E69942CE6B6E10056E8CC /* PackingListScreen */ = {
			isa = PBXGroup;
			children = (
				4C7E698D2CE6B6E10056E8CC /* AddPackingItemScreen */,
				4C7E69902CE6B6E10056E8CC /* EditPackingItemScreen */,
				4C7E69912CE6B6E10056E8CC /* PackingItemCell.swift */,
				4C7E69922CE6B6E10056E8CC /* PackingListView.swift */,
				365D8E7E2CE808A200453F2E /* PackingListViewController.swift */,
				3627BA572CEA976F00D56011 /* PackinListActiveViewController.swift */,
			);
			path = PackingListScreen;
			sourceTree = "<group>";
		};
		4CC078DE2CE42AD4009364D8 /* ActivePlanSetup */ = {
			isa = PBXGroup;
			children = (
				4CC078DC2CE42AD4009364D8 /* ActivePlanNotification.swift */,
				4CC078DD2CE42AD4009364D8 /* TravelPlanManager.swift */,
			);
			path = ActivePlanSetup;
			sourceTree = "<group>";
		};
		4CC078E42CE42AD4009364D8 /* BillboardScreen */ = {
			isa = PBXGroup;
			children = (
				73A96CDD2CEA7902006F1F9F /* PhotoFullScreenViewController.swift */,
				73D5904D2CE93D4E001692D0 /* BillboardCell.swift */,
				4CC078E22CE42AD4009364D8 /* BillboardView.swift */,
				4CC078E32CE42AD4009364D8 /* BillboardViewController.swift */,
				365D8EB42CE82DC900453F2E /* CreateVoteView.swift */,
				365D8EB62CE82DDB00453F2E /* CreateVoteViewController.swift */,
			);
			path = BillboardScreen;
			sourceTree = "<group>";
		};
		4CC078EA2CE42AD4009364D8 /* FriendsListScreen */ = {
			isa = PBXGroup;
			children = (
				4CC078E82CE42AD4009364D8 /* FriendsListView.swift */,
				4CC078E92CE42AD4009364D8 /* FriendsListViewController.swift */,
			);
			path = FriendsListScreen;
			sourceTree = "<group>";
		};
		4CC078ED2CE42AD4009364D8 /* InviteFriendsScreen */ = {
			isa = PBXGroup;
			children = (
				4CC078EB2CE42AD4009364D8 /* InviteFriendsView.swift */,
				4CC078EC2CE42AD4009364D8 /* InviteFriendsViewController.swift */,
			);
			path = InviteFriendsScreen;
			sourceTree = "<group>";
		};
		4CC078F52CE42AD4009364D8 /* Model */ = {
			isa = PBXGroup;
			children = (
				73D5904B2CE92CA0001692D0 /* Billboard.swift */,
				4CC078EE2CE42AD4009364D8 /* Category.swift */,
				4CC078EF2CE42AD4009364D8 /* GroupExpense.swift */,
				4CC078F02CE42AD4009364D8 /* Invitation.swift */,
				4CC078F12CE42AD4009364D8 /* PackingItem.swift */,
				4CC078F22CE42AD4009364D8 /* SpendingItem.swift */,
				4CC078F32CE42AD4009364D8 /* Travel.swift */,
				4CC078F42CE42AD4009364D8 /* User.swift */,
			);
			path = Model;
			sourceTree = "<group>";
		};
		4CC078FB2CE42AD4009364D8 /* ProfileScreen */ = {
			isa = PBXGroup;
			children = (
				4CC078F92CE42AD4009364D8 /* ProfileView.swift */,
				4CC078FA2CE42AD4009364D8 /* ProfileViewController.swift */,
				4C8783972CE9B91F00B4F5C0 /* InvitationCell.swift */,
			);
			path = ProfileScreen;
			sourceTree = "<group>";
		};
		4CC078FE2CE42AD4009364D8 /* Progress Indicator */ = {
			isa = PBXGroup;
			children = (
				4CC078FC2CE42AD4009364D8 /* ProgressSpinnerDelegate.swift */,
				4CC078FD2CE42AD4009364D8 /* ProgressSpinnerViewController.swift */,
			);
			path = "Progress Indicator";
			sourceTree = "<group>";
		};
		4CC079032CE42AD4009364D8 /* SignUpScreen */ = {
			isa = PBXGroup;
			children = (
				4CC078FF2CE42AD4009364D8 /* RegisterProgressIndicatorManager.swift */,
				4CC079002CE42AD4009364D8 /* SignUpFirebaseManager.swift */,
				4CC079012CE42AD4009364D8 /* SignUpView.swift */,
				4CC079022CE42AD4009364D8 /* SignUpViewController.swift */,
			);
			path = SignUpScreen;
			sourceTree = "<group>";
		};
		4CC079052CE42AD4009364D8 /* BudgetView */ = {
			isa = PBXGroup;
			children = (
				0430CA992CEBF1AC0076BBA1 /* BudgetDetailViewController.swift */,
				04112FC12CE7CF0800371ABD /* EmojiTextField.swift */,
				04112FBF2CE7C75B00371ABD /* BudgetAddEditViewController.swift */,
				04112FC72CE857D300371ABD /* BudgetViewController.swift */,
			);
			path = BudgetView;
			sourceTree = "<group>";
		};
		4CC079072CE42AD4009364D8 /* ExpenseView */ = {
			isa = PBXGroup;
			children = (
				0430CA972CEBED900076BBA1 /* FullscreenImageViewController.swift */,
				0430CA952CEBED770076BBA1 /* ExpenseDetailsViewController.swift */,
				0430CA8F2CEA92590076BBA1 /* AddEditExpenseViewController.swift */,
				0430CA8D2CEA92240076BBA1 /* ExpenseCell.swift */,
				4CC079062CE42AD4009364D8 /* ExpensesViewController.swift */,
			);
			path = ExpenseView;
			sourceTree = "<group>";
		};
		4CC079092CE42AD4009364D8 /* Overview */ = {
			isa = PBXGroup;
			children = (
				04112FB12CE5705F00371ABD /* CategoryCell.swift */,
				4CC079082CE42AD4009364D8 /* OverviewViewController.swift */,
			);
			path = Overview;
			sourceTree = "<group>";
		};
		4CC0790B2CE42AD4009364D8 /* SplitView */ = {
			isa = PBXGroup;
			children = (
				4CC0790A2CE42AD4009364D8 /* SplitViewController.swift */,
			);
			path = SplitView;
			sourceTree = "<group>";
		};
		4CC079102CE42AD4009364D8 /* SpendingScreen */ = {
			isa = PBXGroup;
			children = (
				4CC079052CE42AD4009364D8 /* BudgetView */,
				4CC079072CE42AD4009364D8 /* ExpenseView */,
				4CC079092CE42AD4009364D8 /* Overview */,
				4CC0790B2CE42AD4009364D8 /* SplitView */,
				4CC0790C2CE42AD4009364D8 /* SpendingFirebaseManager.swift */,
				4CC0790E2CE42AD4009364D8 /* SpendingView.swift */,
				4CC0790F2CE42AD4009364D8 /* SpendingViewController.swift */,
			);
			path = SpendingScreen;
			sourceTree = "<group>";
		};
		4CC079152CE42AD4009364D8 /* TravelDetailScreen */ = {
			isa = PBXGroup;
			children = (
				4CC079112CE42AD4009364D8 /* EditTravelDetailView.swift */,
				4CC079122CE42AD4009364D8 /* EditTravelDetailViewController.swift */,
				4CC079132CE42AD4009364D8 /* TravelDetailView.swift */,
				4CC079142CE42AD4009364D8 /* TravelDetailViewController.swift */,
			);
			path = TravelDetailScreen;
			sourceTree = "<group>";
		};
		4CC0791E2CE42AD4009364D8 /* TraveScreen */ = {
			isa = PBXGroup;
			children = (
				4CC079162CE42AD4009364D8 /* ActivePlanViewController.swift */,
				4CC079172CE42AD4009364D8 /* AddANewTravelPlanController.swift */,
				4CC079182CE42AD4009364D8 /* AddANewTravelPlanView.swift */,
				4CC079192CE42AD4009364D8 /* LeftBarButttonManager.swift */,
				4CC0791A2CE42AD4009364D8 /* TravelPlanTableViewCell.swift */,
				4CC0791C2CE42AD4009364D8 /* TravelView.swift */,
				4CC0791D2CE42AD4009364D8 /* TravelViewController.swift */,
			);
			path = TraveScreen;
			sourceTree = "<group>";
		};
		4CC0792A2CE42AD4009364D8 /* Packsync */ = {
			isa = PBXGroup;
			children = (
				04112FC32CE8254200371ABD /* Notifications */,
				4C7E69942CE6B6E10056E8CC /* PackingListScreen */,
				4CC078DE2CE42AD4009364D8 /* ActivePlanSetup */,
				4CC078E42CE42AD4009364D8 /* BillboardScreen */,
				4CC078EA2CE42AD4009364D8 /* FriendsListScreen */,
				4CC078ED2CE42AD4009364D8 /* InviteFriendsScreen */,
				4CC078F52CE42AD4009364D8 /* Model */,
				4CC078FB2CE42AD4009364D8 /* ProfileScreen */,
				4CC078FE2CE42AD4009364D8 /* Progress Indicator */,
				4CC079032CE42AD4009364D8 /* SignUpScreen */,
				4CC079102CE42AD4009364D8 /* SpendingScreen */,
				4CC079152CE42AD4009364D8 /* TravelDetailScreen */,
				4CC0791E2CE42AD4009364D8 /* TraveScreen */,
				4CC0791F2CE42AD4009364D8 /* AppDelegate.swift */,
				4CC079202CE42AD4009364D8 /* Assets.xcassets */,
				4CC079212CE42AD4009364D8 /* Configs.swift */,
				4CC079222CE42AD4009364D8 /* GoogleService-Info.plist */,
				4CC079232CE42AD4009364D8 /* Info.plist */,
				4CC079252CE42AD4009364D8 /* LaunchScreen.storyboard */,
				4CC079272CE42AD4009364D8 /* Main.storyboard */,
				4CC079282CE42AD4009364D8 /* SceneDelegate.swift */,
				4CC079292CE42AD4009364D8 /* ViewController.swift */,
			);
			path = Packsync;
			sourceTree = "<group>";
		};
		715C49EC2E6E0CE01B127BF3 /* Pods */ = {
			isa = PBXGroup;
			children = (
				FD38F63AF16ED051A412D974 /* Pods-Packsync.debug.xcconfig */,
				8EEEDB0AE74AC19C5A01E064 /* Pods-Packsync.release.xcconfig */,
				8CF6AF13FE2DD310345CA936 /* Pods-Packsync-PacksyncUITests.debug.xcconfig */,
				20612AFFA4052AB7EDDC2562 /* Pods-Packsync-PacksyncUITests.release.xcconfig */,
				D19B8A5E9EC71987B5BE6323 /* Pods-PacksyncTests.debug.xcconfig */,
				B8561587736525F48AC64DF7 /* Pods-PacksyncTests.release.xcconfig */,
			);
			path = Pods;
			sourceTree = "<group>";
		};
		737AC3F92CCB2C78005F0B42 = {
			isa = PBXGroup;
			children = (
				4CC0792A2CE42AD4009364D8 /* Packsync */,
				36EBDBC22CE6BF5500013D30 /* PacksyncTests */,
				36EBDBC62CE6BF5800013D30 /* PacksyncUITests */,
				737AC4032CCB2C78005F0B42 /* Products */,
				715C49EC2E6E0CE01B127BF3 /* Pods */,
				D11D903AA719370B5ED24765 /* Frameworks */,
			);
			sourceTree = "<group>";
		};
		737AC4032CCB2C78005F0B42 /* Products */ = {
			isa = PBXGroup;
			children = (
				737AC4022CCB2C78005F0B42 /* Packsync.app */,
				737AC4182CCB2C79005F0B42 /* PacksyncTests.xctest */,
				737AC4222CCB2C79005F0B42 /* PacksyncUITests.xctest */,
			);
			name = Products;
			sourceTree = "<group>";
		};
		D11D903AA719370B5ED24765 /* Frameworks */ = {
			isa = PBXGroup;
			children = (
				47815A3937BAEA8942E92F76 /* Pods_Packsync.framework */,
				D9C035B89AAA0E91C1C802EA /* Pods_Packsync_PacksyncUITests.framework */,
				B53D62DCCFEC3DF06D134EB7 /* Pods_PacksyncTests.framework */,
			);
			name = Frameworks;
			sourceTree = "<group>";
		};
/* End PBXGroup section */

/* Begin PBXNativeTarget section */
		737AC4012CCB2C78005F0B42 /* Packsync */ = {
			isa = PBXNativeTarget;
			buildConfigurationList = 737AC42B2CCB2C79005F0B42 /* Build configuration list for PBXNativeTarget "Packsync" */;
			buildPhases = (
				8E9F238A2A9E8F74C3425BB6 /* [CP] Check Pods Manifest.lock */,
				737AC3FE2CCB2C78005F0B42 /* Sources */,
				737AC3FF2CCB2C78005F0B42 /* Frameworks */,
				737AC4002CCB2C78005F0B42 /* Resources */,
				47C1ED81DB396F0EC6C07C68 /* [CP] Embed Pods Frameworks */,
			);
			buildRules = (
			);
			dependencies = (
			);
			fileSystemSynchronizedGroups = (
				04112FC32CE8254200371ABD /* Notifications */,
			);
			name = Packsync;
			productName = Packsync;
			productReference = 737AC4022CCB2C78005F0B42 /* Packsync.app */;
			productType = "com.apple.product-type.application";
		};
		737AC4172CCB2C79005F0B42 /* PacksyncTests */ = {
			isa = PBXNativeTarget;
			buildConfigurationList = 737AC4302CCB2C79005F0B42 /* Build configuration list for PBXNativeTarget "PacksyncTests" */;
			buildPhases = (
				07662DD781BBAFA2268A0770 /* [CP] Check Pods Manifest.lock */,
				737AC4142CCB2C79005F0B42 /* Sources */,
				737AC4152CCB2C79005F0B42 /* Frameworks */,
				737AC4162CCB2C79005F0B42 /* Resources */,
			);
			buildRules = (
			);
			dependencies = (
				737AC41A2CCB2C79005F0B42 /* PBXTargetDependency */,
			);
			name = PacksyncTests;
			productName = PacksyncTests;
			productReference = 737AC4182CCB2C79005F0B42 /* PacksyncTests.xctest */;
			productType = "com.apple.product-type.bundle.unit-test";
		};
		737AC4212CCB2C79005F0B42 /* PacksyncUITests */ = {
			isa = PBXNativeTarget;
			buildConfigurationList = 737AC4332CCB2C79005F0B42 /* Build configuration list for PBXNativeTarget "PacksyncUITests" */;
			buildPhases = (
				9774264C86D9945AD7CFE3C3 /* [CP] Check Pods Manifest.lock */,
				737AC41E2CCB2C79005F0B42 /* Sources */,
				737AC41F2CCB2C79005F0B42 /* Frameworks */,
				737AC4202CCB2C79005F0B42 /* Resources */,
				A45E85F091FA374DF9060F48 /* [CP] Embed Pods Frameworks */,
			);
			buildRules = (
			);
			dependencies = (
				737AC4242CCB2C79005F0B42 /* PBXTargetDependency */,
			);
			name = PacksyncUITests;
			productName = PacksyncUITests;
			productReference = 737AC4222CCB2C79005F0B42 /* PacksyncUITests.xctest */;
			productType = "com.apple.product-type.bundle.ui-testing";
		};
/* End PBXNativeTarget section */

/* Begin PBXProject section */
		737AC3FA2CCB2C78005F0B42 /* Project object */ = {
			isa = PBXProject;
			attributes = {
				BuildIndependentTargetsInParallel = 1;
				LastSwiftUpdateCheck = 1600;
				LastUpgradeCheck = 1600;
				TargetAttributes = {
					737AC4012CCB2C78005F0B42 = {
						CreatedOnToolsVersion = 16.0;
					};
					737AC4172CCB2C79005F0B42 = {
						CreatedOnToolsVersion = 16.0;
						TestTargetID = 737AC4012CCB2C78005F0B42;
					};
					737AC4212CCB2C79005F0B42 = {
						CreatedOnToolsVersion = 16.0;
						TestTargetID = 737AC4012CCB2C78005F0B42;
					};
				};
			};
			buildConfigurationList = 737AC3FD2CCB2C78005F0B42 /* Build configuration list for PBXProject "Packsync" */;
			compatibilityVersion = "Xcode 14.0";
			developmentRegion = en;
			hasScannedForEncodings = 0;
			knownRegions = (
				en,
				Base,
			);
			mainGroup = 737AC3F92CCB2C78005F0B42;
			productRefGroup = 737AC4032CCB2C78005F0B42 /* Products */;
			projectDirPath = "";
			projectRoot = "";
			targets = (
				737AC4012CCB2C78005F0B42 /* Packsync */,
				737AC4172CCB2C79005F0B42 /* PacksyncTests */,
				737AC4212CCB2C79005F0B42 /* PacksyncUITests */,
			);
		};
/* End PBXProject section */

/* Begin PBXResourcesBuildPhase section */
		737AC4002CCB2C78005F0B42 /* Resources */ = {
			isa = PBXResourcesBuildPhase;
			buildActionMask = 2147483647;
			files = (
				4CC079602CE42AD4009364D8 /* Assets.xcassets in Resources */,
				4CC079612CE42AD4009364D8 /* GoogleService-Info.plist in Resources */,
				4CC079632CE42AD4009364D8 /* LaunchScreen.storyboard in Resources */,
				4CC079642CE42AD4009364D8 /* Main.storyboard in Resources */,
			);
			runOnlyForDeploymentPostprocessing = 0;
		};
		737AC4162CCB2C79005F0B42 /* Resources */ = {
			isa = PBXResourcesBuildPhase;
			buildActionMask = 2147483647;
			files = (
			);
			runOnlyForDeploymentPostprocessing = 0;
		};
		737AC4202CCB2C79005F0B42 /* Resources */ = {
			isa = PBXResourcesBuildPhase;
			buildActionMask = 2147483647;
			files = (
			);
			runOnlyForDeploymentPostprocessing = 0;
		};
/* End PBXResourcesBuildPhase section */

/* Begin PBXShellScriptBuildPhase section */
		07662DD781BBAFA2268A0770 /* [CP] Check Pods Manifest.lock */ = {
			isa = PBXShellScriptBuildPhase;
			buildActionMask = 2147483647;
			files = (
			);
			inputFileListPaths = (
			);
			inputPaths = (
				"${PODS_PODFILE_DIR_PATH}/Podfile.lock",
				"${PODS_ROOT}/Manifest.lock",
			);
			name = "[CP] Check Pods Manifest.lock";
			outputFileListPaths = (
			);
			outputPaths = (
				"$(DERIVED_FILE_DIR)/Pods-PacksyncTests-checkManifestLockResult.txt",
			);
			runOnlyForDeploymentPostprocessing = 0;
			shellPath = /bin/sh;
			shellScript = "diff \"${PODS_PODFILE_DIR_PATH}/Podfile.lock\" \"${PODS_ROOT}/Manifest.lock\" > /dev/null\nif [ $? != 0 ] ; then\n    # print error to STDERR\n    echo \"error: The sandbox is not in sync with the Podfile.lock. Run 'pod install' or update your CocoaPods installation.\" >&2\n    exit 1\nfi\n# This output is used by Xcode 'outputs' to avoid re-running this script phase.\necho \"SUCCESS\" > \"${SCRIPT_OUTPUT_FILE_0}\"\n";
			showEnvVarsInLog = 0;
		};
		47C1ED81DB396F0EC6C07C68 /* [CP] Embed Pods Frameworks */ = {
			isa = PBXShellScriptBuildPhase;
			buildActionMask = 2147483647;
			files = (
			);
			inputFileListPaths = (
				"${PODS_ROOT}/Target Support Files/Pods-Packsync/Pods-Packsync-frameworks-${CONFIGURATION}-input-files.xcfilelist",
			);
			name = "[CP] Embed Pods Frameworks";
			outputFileListPaths = (
				"${PODS_ROOT}/Target Support Files/Pods-Packsync/Pods-Packsync-frameworks-${CONFIGURATION}-output-files.xcfilelist",
			);
			runOnlyForDeploymentPostprocessing = 0;
			shellPath = /bin/sh;
			shellScript = "\"${PODS_ROOT}/Target Support Files/Pods-Packsync/Pods-Packsync-frameworks.sh\"\n";
			showEnvVarsInLog = 0;
		};
		8E9F238A2A9E8F74C3425BB6 /* [CP] Check Pods Manifest.lock */ = {
			isa = PBXShellScriptBuildPhase;
			buildActionMask = 2147483647;
			files = (
			);
			inputFileListPaths = (
			);
			inputPaths = (
				"${PODS_PODFILE_DIR_PATH}/Podfile.lock",
				"${PODS_ROOT}/Manifest.lock",
			);
			name = "[CP] Check Pods Manifest.lock";
			outputFileListPaths = (
			);
			outputPaths = (
				"$(DERIVED_FILE_DIR)/Pods-Packsync-checkManifestLockResult.txt",
			);
			runOnlyForDeploymentPostprocessing = 0;
			shellPath = /bin/sh;
			shellScript = "diff \"${PODS_PODFILE_DIR_PATH}/Podfile.lock\" \"${PODS_ROOT}/Manifest.lock\" > /dev/null\nif [ $? != 0 ] ; then\n    # print error to STDERR\n    echo \"error: The sandbox is not in sync with the Podfile.lock. Run 'pod install' or update your CocoaPods installation.\" >&2\n    exit 1\nfi\n# This output is used by Xcode 'outputs' to avoid re-running this script phase.\necho \"SUCCESS\" > \"${SCRIPT_OUTPUT_FILE_0}\"\n";
			showEnvVarsInLog = 0;
		};
		9774264C86D9945AD7CFE3C3 /* [CP] Check Pods Manifest.lock */ = {
			isa = PBXShellScriptBuildPhase;
			buildActionMask = 2147483647;
			files = (
			);
			inputFileListPaths = (
			);
			inputPaths = (
				"${PODS_PODFILE_DIR_PATH}/Podfile.lock",
				"${PODS_ROOT}/Manifest.lock",
			);
			name = "[CP] Check Pods Manifest.lock";
			outputFileListPaths = (
			);
			outputPaths = (
				"$(DERIVED_FILE_DIR)/Pods-Packsync-PacksyncUITests-checkManifestLockResult.txt",
			);
			runOnlyForDeploymentPostprocessing = 0;
			shellPath = /bin/sh;
			shellScript = "diff \"${PODS_PODFILE_DIR_PATH}/Podfile.lock\" \"${PODS_ROOT}/Manifest.lock\" > /dev/null\nif [ $? != 0 ] ; then\n    # print error to STDERR\n    echo \"error: The sandbox is not in sync with the Podfile.lock. Run 'pod install' or update your CocoaPods installation.\" >&2\n    exit 1\nfi\n# This output is used by Xcode 'outputs' to avoid re-running this script phase.\necho \"SUCCESS\" > \"${SCRIPT_OUTPUT_FILE_0}\"\n";
			showEnvVarsInLog = 0;
		};
		A45E85F091FA374DF9060F48 /* [CP] Embed Pods Frameworks */ = {
			isa = PBXShellScriptBuildPhase;
			buildActionMask = 2147483647;
			files = (
			);
			inputFileListPaths = (
				"${PODS_ROOT}/Target Support Files/Pods-Packsync-PacksyncUITests/Pods-Packsync-PacksyncUITests-frameworks-${CONFIGURATION}-input-files.xcfilelist",
			);
			name = "[CP] Embed Pods Frameworks";
			outputFileListPaths = (
				"${PODS_ROOT}/Target Support Files/Pods-Packsync-PacksyncUITests/Pods-Packsync-PacksyncUITests-frameworks-${CONFIGURATION}-output-files.xcfilelist",
			);
			runOnlyForDeploymentPostprocessing = 0;
			shellPath = /bin/sh;
			shellScript = "\"${PODS_ROOT}/Target Support Files/Pods-Packsync-PacksyncUITests/Pods-Packsync-PacksyncUITests-frameworks.sh\"\n";
			showEnvVarsInLog = 0;
		};
/* End PBXShellScriptBuildPhase section */

/* Begin PBXSourcesBuildPhase section */
		737AC3FE2CCB2C78005F0B42 /* Sources */ = {
			isa = PBXSourcesBuildPhase;
			buildActionMask = 2147483647;
			files = (
				4CC0792B2CE42AD4009364D8 /* ActivePlanNotification.swift in Sources */,
				4CC0792C2CE42AD4009364D8 /* TravelPlanManager.swift in Sources */,
				4CC0792F2CE42AD4009364D8 /* BillboardView.swift in Sources */,
				04112FC82CE857D300371ABD /* BudgetViewController.swift in Sources */,
				0430CA8E2CEA92240076BBA1 /* ExpenseCell.swift in Sources */,
				4CC079302CE42AD4009364D8 /* BillboardViewController.swift in Sources */,
				4CC079332CE42AD4009364D8 /* FriendsListView.swift in Sources */,
				0430CA962CEBED770076BBA1 /* ExpenseDetailsViewController.swift in Sources */,
				4CC079342CE42AD4009364D8 /* FriendsListViewController.swift in Sources */,
				4CC079352CE42AD4009364D8 /* InviteFriendsView.swift in Sources */,
				4CC079362CE42AD4009364D8 /* InviteFriendsViewController.swift in Sources */,
				4CC079372CE42AD4009364D8 /* Category.swift in Sources */,
				4CC079382CE42AD4009364D8 /* GroupExpense.swift in Sources */,
				4CC079392CE42AD4009364D8 /* Invitation.swift in Sources */,
				3627BA582CEA976F00D56011 /* PackinListActiveViewController.swift in Sources */,
				4CC0793A2CE42AD4009364D8 /* PackingItem.swift in Sources */,
				365D8EB52CE82DC900453F2E /* CreateVoteView.swift in Sources */,
				365D8EB72CE82DDB00453F2E /* CreateVoteViewController.swift in Sources */,
				4CC0793B2CE42AD4009364D8 /* SpendingItem.swift in Sources */,
				4CC0793C2CE42AD4009364D8 /* Travel.swift in Sources */,
				4CC0793D2CE42AD4009364D8 /* User.swift in Sources */,
				4C8783982CE9B91F00B4F5C0 /* InvitationCell.swift in Sources */,
				0430CA982CEBED900076BBA1 /* FullscreenImageViewController.swift in Sources */,
				4CC079402CE42AD4009364D8 /* ProfileView.swift in Sources */,
				4CC079412CE42AD4009364D8 /* ProfileViewController.swift in Sources */,
				04112FB22CE5705F00371ABD /* CategoryCell.swift in Sources */,
				0430CA902CEA92590076BBA1 /* AddEditExpenseViewController.swift in Sources */,
				365D8E7F2CE808A200453F2E /* PackingListViewController.swift in Sources */,
				4CC079422CE42AD4009364D8 /* ProgressSpinnerDelegate.swift in Sources */,
				4CC079432CE42AD4009364D8 /* ProgressSpinnerViewController.swift in Sources */,
				4CC079442CE42AD4009364D8 /* RegisterProgressIndicatorManager.swift in Sources */,
				4CC079452CE42AD4009364D8 /* SignUpFirebaseManager.swift in Sources */,
				73D5904E2CE93D56001692D0 /* BillboardCell.swift in Sources */,
				4CC079462CE42AD4009364D8 /* SignUpView.swift in Sources */,
				4CC079472CE42AD4009364D8 /* SignUpViewController.swift in Sources */,
				4CC079492CE42AD4009364D8 /* ExpensesViewController.swift in Sources */,
				4CC0794A2CE42AD4009364D8 /* OverviewViewController.swift in Sources */,
				4CC0794B2CE42AD4009364D8 /* SplitViewController.swift in Sources */,
				4CC0794C2CE42AD4009364D8 /* SpendingFirebaseManager.swift in Sources */,
				0430CA9A2CEBF1AC0076BBA1 /* BudgetDetailViewController.swift in Sources */,
				4CC0794E2CE42AD4009364D8 /* SpendingView.swift in Sources */,
				4CC0794F2CE42AD4009364D8 /* SpendingViewController.swift in Sources */,
				4CC079502CE42AD4009364D8 /* EditTravelDetailView.swift in Sources */,
				4CC079512CE42AD4009364D8 /* EditTravelDetailViewController.swift in Sources */,
				4CC079522CE42AD4009364D8 /* TravelDetailView.swift in Sources */,
				73A96CDE2CEA790F006F1F9F /* PhotoFullScreenViewController.swift in Sources */,
				4CC079532CE42AD4009364D8 /* TravelDetailViewController.swift in Sources */,
				4CC079542CE42AD4009364D8 /* ActivePlanViewController.swift in Sources */,
				4CC079552CE42AD4009364D8 /* AddANewTravelPlanController.swift in Sources */,
				4CC079562CE42AD4009364D8 /* AddANewTravelPlanView.swift in Sources */,
				4CC079572CE42AD4009364D8 /* LeftBarButttonManager.swift in Sources */,
				4CC079582CE42AD4009364D8 /* TravelPlanTableViewCell.swift in Sources */,
				4CC0795A2CE42AD4009364D8 /* TravelView.swift in Sources */,
				4CC0795B2CE42AD4009364D8 /* TravelViewController.swift in Sources */,
				4C7E69952CE6B6E10056E8CC /* PackingItemCell.swift in Sources */,
				4C7E69962CE6B6E10056E8CC /* EditPackingItemViewController.swift in Sources */,
				4C7E69972CE6B6E10056E8CC /* EditPackingItemView.swift in Sources */,
				73D5904C2CE92CAD001692D0 /* Billboard.swift in Sources */,
				04112FC02CE7C75B00371ABD /* BudgetAddEditViewController.swift in Sources */,
				4C7E69982CE6B6E10056E8CC /* AddPackingItemView.swift in Sources */,
				04112FC22CE7CF0800371ABD /* EmojiTextField.swift in Sources */,
				4C7E69992CE6B6E10056E8CC /* PackingListView.swift in Sources */,
				4C7E699A2CE6B6E10056E8CC /* AddPackingItemViewController.swift in Sources */,
				4CC0795C2CE42AD4009364D8 /* AppDelegate.swift in Sources */,
				4CC0795D2CE42AD4009364D8 /* Configs.swift in Sources */,
				4CC0795E2CE42AD4009364D8 /* SceneDelegate.swift in Sources */,
				4CC0795F2CE42AD4009364D8 /* ViewController.swift in Sources */,
			);
			runOnlyForDeploymentPostprocessing = 0;
		};
		737AC4142CCB2C79005F0B42 /* Sources */ = {
			isa = PBXSourcesBuildPhase;
			buildActionMask = 2147483647;
			files = (
				36EBDBC32CE6BF5500013D30 /* PacksyncTests.swift in Sources */,
			);
			runOnlyForDeploymentPostprocessing = 0;
		};
		737AC41E2CCB2C79005F0B42 /* Sources */ = {
			isa = PBXSourcesBuildPhase;
			buildActionMask = 2147483647;
			files = (
				36EBDBC72CE6BF5800013D30 /* PacksyncUITests.swift in Sources */,
				36EBDBC82CE6BF5800013D30 /* PacksyncUITestsLaunchTests.swift in Sources */,
			);
			runOnlyForDeploymentPostprocessing = 0;
		};
/* End PBXSourcesBuildPhase section */

/* Begin PBXTargetDependency section */
		737AC41A2CCB2C79005F0B42 /* PBXTargetDependency */ = {
			isa = PBXTargetDependency;
			target = 737AC4012CCB2C78005F0B42 /* Packsync */;
			targetProxy = 737AC4192CCB2C79005F0B42 /* PBXContainerItemProxy */;
		};
		737AC4242CCB2C79005F0B42 /* PBXTargetDependency */ = {
			isa = PBXTargetDependency;
			target = 737AC4012CCB2C78005F0B42 /* Packsync */;
			targetProxy = 737AC4232CCB2C79005F0B42 /* PBXContainerItemProxy */;
		};
/* End PBXTargetDependency section */

/* Begin PBXVariantGroup section */
		4CC079252CE42AD4009364D8 /* LaunchScreen.storyboard */ = {
			isa = PBXVariantGroup;
			children = (
				4CC079242CE42AD4009364D8 /* Base */,
			);
			name = LaunchScreen.storyboard;
			sourceTree = "<group>";
		};
		4CC079272CE42AD4009364D8 /* Main.storyboard */ = {
			isa = PBXVariantGroup;
			children = (
				4CC079262CE42AD4009364D8 /* Base */,
			);
			name = Main.storyboard;
			sourceTree = "<group>";
		};
/* End PBXVariantGroup section */

/* Begin XCBuildConfiguration section */
		737AC42C2CCB2C79005F0B42 /* Debug */ = {
			isa = XCBuildConfiguration;
			baseConfigurationReference = FD38F63AF16ED051A412D974 /* Pods-Packsync.debug.xcconfig */;
			buildSettings = {
				ASSETCATALOG_COMPILER_APPICON_NAME = AppIcon;
				ASSETCATALOG_COMPILER_GLOBAL_ACCENT_COLOR_NAME = AccentColor;
				CODE_SIGN_STYLE = Automatic;
				CURRENT_PROJECT_VERSION = 1;
				DEVELOPMENT_TEAM = F25GKL79V7;
				GENERATE_INFOPLIST_FILE = YES;
				INFOPLIST_FILE = Packsync/Info.plist;
				INFOPLIST_KEY_UIApplicationSupportsIndirectInputEvents = YES;
				INFOPLIST_KEY_UILaunchStoryboardName = LaunchScreen;
				INFOPLIST_KEY_UIMainStoryboardFile = Main;
				INFOPLIST_KEY_UISupportedInterfaceOrientations_iPad = "UIInterfaceOrientationPortrait UIInterfaceOrientationPortraitUpsideDown UIInterfaceOrientationLandscapeLeft UIInterfaceOrientationLandscapeRight";
				INFOPLIST_KEY_UISupportedInterfaceOrientations_iPhone = "UIInterfaceOrientationPortrait UIInterfaceOrientationLandscapeLeft UIInterfaceOrientationLandscapeRight";
				IPHONEOS_DEPLOYMENT_TARGET = 15.6;
				LD_RUNPATH_SEARCH_PATHS = (
					"$(inherited)",
					"@executable_path/Frameworks",
				);
				MARKETING_VERSION = 1.0;
				PRODUCT_BUNDLE_IDENTIFIER = com.nuios.Packsync;
				PRODUCT_NAME = "$(TARGET_NAME)";
				SWIFT_EMIT_LOC_STRINGS = YES;
				SWIFT_VERSION = 5.0;
				TARGETED_DEVICE_FAMILY = "1,2";
			};
			name = Debug;
		};
		737AC42D2CCB2C79005F0B42 /* Release */ = {
			isa = XCBuildConfiguration;
			baseConfigurationReference = 8EEEDB0AE74AC19C5A01E064 /* Pods-Packsync.release.xcconfig */;
			buildSettings = {
				ASSETCATALOG_COMPILER_APPICON_NAME = AppIcon;
				ASSETCATALOG_COMPILER_GLOBAL_ACCENT_COLOR_NAME = AccentColor;
				CODE_SIGN_STYLE = Automatic;
				CURRENT_PROJECT_VERSION = 1;
				DEVELOPMENT_TEAM = F25GKL79V7;
				GENERATE_INFOPLIST_FILE = YES;
				INFOPLIST_FILE = Packsync/Info.plist;
				INFOPLIST_KEY_UIApplicationSupportsIndirectInputEvents = YES;
				INFOPLIST_KEY_UILaunchStoryboardName = LaunchScreen;
				INFOPLIST_KEY_UIMainStoryboardFile = Main;
				INFOPLIST_KEY_UISupportedInterfaceOrientations_iPad = "UIInterfaceOrientationPortrait UIInterfaceOrientationPortraitUpsideDown UIInterfaceOrientationLandscapeLeft UIInterfaceOrientationLandscapeRight";
				INFOPLIST_KEY_UISupportedInterfaceOrientations_iPhone = "UIInterfaceOrientationPortrait UIInterfaceOrientationLandscapeLeft UIInterfaceOrientationLandscapeRight";
				IPHONEOS_DEPLOYMENT_TARGET = 15.6;
				LD_RUNPATH_SEARCH_PATHS = (
					"$(inherited)",
					"@executable_path/Frameworks",
				);
				MARKETING_VERSION = 1.0;
				PRODUCT_BUNDLE_IDENTIFIER = com.nuios.Packsync;
				PRODUCT_NAME = "$(TARGET_NAME)";
				SWIFT_EMIT_LOC_STRINGS = YES;
				SWIFT_VERSION = 5.0;
				TARGETED_DEVICE_FAMILY = "1,2";
			};
			name = Release;
		};
		737AC42E2CCB2C79005F0B42 /* Debug */ = {
			isa = XCBuildConfiguration;
			buildSettings = {
				ALWAYS_SEARCH_USER_PATHS = NO;
				ASSETCATALOG_COMPILER_GENERATE_SWIFT_ASSET_SYMBOL_EXTENSIONS = YES;
				CLANG_ANALYZER_NONNULL = YES;
				CLANG_ANALYZER_NUMBER_OBJECT_CONVERSION = YES_AGGRESSIVE;
				CLANG_CXX_LANGUAGE_STANDARD = "gnu++20";
				CLANG_ENABLE_MODULES = YES;
				CLANG_ENABLE_OBJC_ARC = YES;
				CLANG_ENABLE_OBJC_WEAK = YES;
				CLANG_WARN_BLOCK_CAPTURE_AUTORELEASING = YES;
				CLANG_WARN_BOOL_CONVERSION = YES;
				CLANG_WARN_COMMA = YES;
				CLANG_WARN_CONSTANT_CONVERSION = YES;
				CLANG_WARN_DEPRECATED_OBJC_IMPLEMENTATIONS = YES;
				CLANG_WARN_DIRECT_OBJC_ISA_USAGE = YES_ERROR;
				CLANG_WARN_DOCUMENTATION_COMMENTS = YES;
				CLANG_WARN_EMPTY_BODY = YES;
				CLANG_WARN_ENUM_CONVERSION = YES;
				CLANG_WARN_INFINITE_RECURSION = YES;
				CLANG_WARN_INT_CONVERSION = YES;
				CLANG_WARN_NON_LITERAL_NULL_CONVERSION = YES;
				CLANG_WARN_OBJC_IMPLICIT_RETAIN_SELF = YES;
				CLANG_WARN_OBJC_LITERAL_CONVERSION = YES;
				CLANG_WARN_OBJC_ROOT_CLASS = YES_ERROR;
				CLANG_WARN_QUOTED_INCLUDE_IN_FRAMEWORK_HEADER = YES;
				CLANG_WARN_RANGE_LOOP_ANALYSIS = YES;
				CLANG_WARN_STRICT_PROTOTYPES = YES;
				CLANG_WARN_SUSPICIOUS_MOVE = YES;
				CLANG_WARN_UNGUARDED_AVAILABILITY = YES_AGGRESSIVE;
				CLANG_WARN_UNREACHABLE_CODE = YES;
				CLANG_WARN__DUPLICATE_METHOD_MATCH = YES;
				COPY_PHASE_STRIP = NO;
				DEBUG_INFORMATION_FORMAT = dwarf;
				ENABLE_STRICT_OBJC_MSGSEND = YES;
				ENABLE_TESTABILITY = YES;
				ENABLE_USER_SCRIPT_SANDBOXING = NO;
				GCC_C_LANGUAGE_STANDARD = gnu17;
				GCC_DYNAMIC_NO_PIC = NO;
				GCC_NO_COMMON_BLOCKS = YES;
				GCC_OPTIMIZATION_LEVEL = 0;
				GCC_PREPROCESSOR_DEFINITIONS = (
					"DEBUG=1",
					"$(inherited)",
				);
				GCC_WARN_64_TO_32_BIT_CONVERSION = YES;
				GCC_WARN_ABOUT_RETURN_TYPE = YES_ERROR;
				GCC_WARN_UNDECLARED_SELECTOR = YES;
				GCC_WARN_UNINITIALIZED_AUTOS = YES_AGGRESSIVE;
				GCC_WARN_UNUSED_FUNCTION = YES;
				GCC_WARN_UNUSED_VARIABLE = YES;
				IPHONEOS_DEPLOYMENT_TARGET = 18.0;
				LOCALIZATION_PREFERS_STRING_CATALOGS = YES;
				MTL_ENABLE_DEBUG_INFO = INCLUDE_SOURCE;
				MTL_FAST_MATH = YES;
				ONLY_ACTIVE_ARCH = YES;
				SDKROOT = iphoneos;
				SWIFT_ACTIVE_COMPILATION_CONDITIONS = "DEBUG $(inherited)";
				SWIFT_OPTIMIZATION_LEVEL = "-Onone";
			};
			name = Debug;
		};
		737AC42F2CCB2C79005F0B42 /* Release */ = {
			isa = XCBuildConfiguration;
			buildSettings = {
				ALWAYS_SEARCH_USER_PATHS = NO;
				ASSETCATALOG_COMPILER_GENERATE_SWIFT_ASSET_SYMBOL_EXTENSIONS = YES;
				CLANG_ANALYZER_NONNULL = YES;
				CLANG_ANALYZER_NUMBER_OBJECT_CONVERSION = YES_AGGRESSIVE;
				CLANG_CXX_LANGUAGE_STANDARD = "gnu++20";
				CLANG_ENABLE_MODULES = YES;
				CLANG_ENABLE_OBJC_ARC = YES;
				CLANG_ENABLE_OBJC_WEAK = YES;
				CLANG_WARN_BLOCK_CAPTURE_AUTORELEASING = YES;
				CLANG_WARN_BOOL_CONVERSION = YES;
				CLANG_WARN_COMMA = YES;
				CLANG_WARN_CONSTANT_CONVERSION = YES;
				CLANG_WARN_DEPRECATED_OBJC_IMPLEMENTATIONS = YES;
				CLANG_WARN_DIRECT_OBJC_ISA_USAGE = YES_ERROR;
				CLANG_WARN_DOCUMENTATION_COMMENTS = YES;
				CLANG_WARN_EMPTY_BODY = YES;
				CLANG_WARN_ENUM_CONVERSION = YES;
				CLANG_WARN_INFINITE_RECURSION = YES;
				CLANG_WARN_INT_CONVERSION = YES;
				CLANG_WARN_NON_LITERAL_NULL_CONVERSION = YES;
				CLANG_WARN_OBJC_IMPLICIT_RETAIN_SELF = YES;
				CLANG_WARN_OBJC_LITERAL_CONVERSION = YES;
				CLANG_WARN_OBJC_ROOT_CLASS = YES_ERROR;
				CLANG_WARN_QUOTED_INCLUDE_IN_FRAMEWORK_HEADER = YES;
				CLANG_WARN_RANGE_LOOP_ANALYSIS = YES;
				CLANG_WARN_STRICT_PROTOTYPES = YES;
				CLANG_WARN_SUSPICIOUS_MOVE = YES;
				CLANG_WARN_UNGUARDED_AVAILABILITY = YES_AGGRESSIVE;
				CLANG_WARN_UNREACHABLE_CODE = YES;
				CLANG_WARN__DUPLICATE_METHOD_MATCH = YES;
				COPY_PHASE_STRIP = NO;
				DEBUG_INFORMATION_FORMAT = "dwarf-with-dsym";
				ENABLE_NS_ASSERTIONS = NO;
				ENABLE_STRICT_OBJC_MSGSEND = YES;
				ENABLE_USER_SCRIPT_SANDBOXING = NO;
				GCC_C_LANGUAGE_STANDARD = gnu17;
				GCC_NO_COMMON_BLOCKS = YES;
				GCC_WARN_64_TO_32_BIT_CONVERSION = YES;
				GCC_WARN_ABOUT_RETURN_TYPE = YES_ERROR;
				GCC_WARN_UNDECLARED_SELECTOR = YES;
				GCC_WARN_UNINITIALIZED_AUTOS = YES_AGGRESSIVE;
				GCC_WARN_UNUSED_FUNCTION = YES;
				GCC_WARN_UNUSED_VARIABLE = YES;
				IPHONEOS_DEPLOYMENT_TARGET = 18.0;
				LOCALIZATION_PREFERS_STRING_CATALOGS = YES;
				MTL_ENABLE_DEBUG_INFO = NO;
				MTL_FAST_MATH = YES;
				SDKROOT = iphoneos;
				SWIFT_COMPILATION_MODE = wholemodule;
				VALIDATE_PRODUCT = YES;
			};
			name = Release;
		};
		737AC4312CCB2C79005F0B42 /* Debug */ = {
			isa = XCBuildConfiguration;
			baseConfigurationReference = D19B8A5E9EC71987B5BE6323 /* Pods-PacksyncTests.debug.xcconfig */;
			buildSettings = {
				BUNDLE_LOADER = "$(TEST_HOST)";
				CODE_SIGN_STYLE = Automatic;
				CURRENT_PROJECT_VERSION = 1;
				GENERATE_INFOPLIST_FILE = YES;
				IPHONEOS_DEPLOYMENT_TARGET = 18.0;
				MARKETING_VERSION = 1.0;
				PRODUCT_BUNDLE_IDENTIFIER = com.nuios.PacksyncTests;
				PRODUCT_NAME = "$(TARGET_NAME)";
				SWIFT_EMIT_LOC_STRINGS = NO;
				SWIFT_VERSION = 5.0;
				TARGETED_DEVICE_FAMILY = "1,2";
				TEST_HOST = "$(BUILT_PRODUCTS_DIR)/Packsync.app/$(BUNDLE_EXECUTABLE_FOLDER_PATH)/Packsync";
			};
			name = Debug;
		};
		737AC4322CCB2C79005F0B42 /* Release */ = {
			isa = XCBuildConfiguration;
			baseConfigurationReference = B8561587736525F48AC64DF7 /* Pods-PacksyncTests.release.xcconfig */;
			buildSettings = {
				BUNDLE_LOADER = "$(TEST_HOST)";
				CODE_SIGN_STYLE = Automatic;
				CURRENT_PROJECT_VERSION = 1;
				GENERATE_INFOPLIST_FILE = YES;
				IPHONEOS_DEPLOYMENT_TARGET = 18.0;
				MARKETING_VERSION = 1.0;
				PRODUCT_BUNDLE_IDENTIFIER = com.nuios.PacksyncTests;
				PRODUCT_NAME = "$(TARGET_NAME)";
				SWIFT_EMIT_LOC_STRINGS = NO;
				SWIFT_VERSION = 5.0;
				TARGETED_DEVICE_FAMILY = "1,2";
				TEST_HOST = "$(BUILT_PRODUCTS_DIR)/Packsync.app/$(BUNDLE_EXECUTABLE_FOLDER_PATH)/Packsync";
			};
			name = Release;
		};
		737AC4342CCB2C79005F0B42 /* Debug */ = {
			isa = XCBuildConfiguration;
			baseConfigurationReference = 8CF6AF13FE2DD310345CA936 /* Pods-Packsync-PacksyncUITests.debug.xcconfig */;
			buildSettings = {
				CODE_SIGN_STYLE = Automatic;
				CURRENT_PROJECT_VERSION = 1;
				GENERATE_INFOPLIST_FILE = YES;
				MARKETING_VERSION = 1.0;
				PRODUCT_BUNDLE_IDENTIFIER = com.nuios.PacksyncUITests;
				PRODUCT_NAME = "$(TARGET_NAME)";
				SWIFT_EMIT_LOC_STRINGS = NO;
				SWIFT_VERSION = 5.0;
				TARGETED_DEVICE_FAMILY = "1,2";
				TEST_TARGET_NAME = Packsync;
			};
			name = Debug;
		};
		737AC4352CCB2C79005F0B42 /* Release */ = {
			isa = XCBuildConfiguration;
			baseConfigurationReference = 20612AFFA4052AB7EDDC2562 /* Pods-Packsync-PacksyncUITests.release.xcconfig */;
			buildSettings = {
				CODE_SIGN_STYLE = Automatic;
				CURRENT_PROJECT_VERSION = 1;
				GENERATE_INFOPLIST_FILE = YES;
				MARKETING_VERSION = 1.0;
				PRODUCT_BUNDLE_IDENTIFIER = com.nuios.PacksyncUITests;
				PRODUCT_NAME = "$(TARGET_NAME)";
				SWIFT_EMIT_LOC_STRINGS = NO;
				SWIFT_VERSION = 5.0;
				TARGETED_DEVICE_FAMILY = "1,2";
				TEST_TARGET_NAME = Packsync;
			};
			name = Release;
		};
/* End XCBuildConfiguration section */

/* Begin XCConfigurationList section */
		737AC3FD2CCB2C78005F0B42 /* Build configuration list for PBXProject "Packsync" */ = {
			isa = XCConfigurationList;
			buildConfigurations = (
				737AC42E2CCB2C79005F0B42 /* Debug */,
				737AC42F2CCB2C79005F0B42 /* Release */,
			);
			defaultConfigurationIsVisible = 0;
			defaultConfigurationName = Release;
		};
		737AC42B2CCB2C79005F0B42 /* Build configuration list for PBXNativeTarget "Packsync" */ = {
			isa = XCConfigurationList;
			buildConfigurations = (
				737AC42C2CCB2C79005F0B42 /* Debug */,
				737AC42D2CCB2C79005F0B42 /* Release */,
			);
			defaultConfigurationIsVisible = 0;
			defaultConfigurationName = Release;
		};
		737AC4302CCB2C79005F0B42 /* Build configuration list for PBXNativeTarget "PacksyncTests" */ = {
			isa = XCConfigurationList;
			buildConfigurations = (
				737AC4312CCB2C79005F0B42 /* Debug */,
				737AC4322CCB2C79005F0B42 /* Release */,
			);
			defaultConfigurationIsVisible = 0;
			defaultConfigurationName = Release;
		};
		737AC4332CCB2C79005F0B42 /* Build configuration list for PBXNativeTarget "PacksyncUITests" */ = {
			isa = XCConfigurationList;
			buildConfigurations = (
				737AC4342CCB2C79005F0B42 /* Debug */,
				737AC4352CCB2C79005F0B42 /* Release */,
			);
			defaultConfigurationIsVisible = 0;
			defaultConfigurationName = Release;
		};
/* End XCConfigurationList section */
	};
	rootObject = 737AC3FA2CCB2C78005F0B42 /* Project object */;
}
