// !$*UTF8*$!
{
	archiveVersion = 1;
	classes = {
	};
	objectVersion = 56;
	objects = {

/* Begin PBXBuildFile section */
		36BCBE7F2CDD3DD30060C290 /* AddPackingItemView.swift in Sources */ = {isa = PBXBuildFile; fileRef = 36BCBE492CDD3DD30060C290 /* AddPackingItemView.swift */; };
		36BCBE802CDD3DD30060C290 /* AddPackingItemViewController.swift in Sources */ = {isa = PBXBuildFile; fileRef = 36BCBE4A2CDD3DD30060C290 /* AddPackingItemViewController.swift */; };
		36BCBE812CDD3DD30060C290 /* BillboardView.swift in Sources */ = {isa = PBXBuildFile; fileRef = 36BCBE4C2CDD3DD30060C290 /* BillboardView.swift */; };
		36BCBE822CDD3DD30060C290 /* BillboardViewController.swift in Sources */ = {isa = PBXBuildFile; fileRef = 36BCBE4D2CDD3DD30060C290 /* BillboardViewController.swift */; };
		36BCBE832CDD3DD30060C290 /* EditPackingItemView.swift in Sources */ = {isa = PBXBuildFile; fileRef = 36BCBE4F2CDD3DD30060C290 /* EditPackingItemView.swift */; };
		36BCBE842CDD3DD30060C290 /* EditPackingItemViewController.swift in Sources */ = {isa = PBXBuildFile; fileRef = 36BCBE502CDD3DD30060C290 /* EditPackingItemViewController.swift */; };
		36BCBE852CDD3DD30060C290 /* FriendsListView.swift in Sources */ = {isa = PBXBuildFile; fileRef = 36BCBE522CDD3DD30060C290 /* FriendsListView.swift */; };
		36BCBE862CDD3DD30060C290 /* FriendsListViewController.swift in Sources */ = {isa = PBXBuildFile; fileRef = 36BCBE532CDD3DD30060C290 /* FriendsListViewController.swift */; };
		36BCBE872CDD3DD30060C290 /* HomeView.swift in Sources */ = {isa = PBXBuildFile; fileRef = 36BCBE552CDD3DD30060C290 /* HomeView.swift */; };
		36BCBE882CDD3DD30060C290 /* HomeViewController.swift in Sources */ = {isa = PBXBuildFile; fileRef = 36BCBE562CDD3DD30060C290 /* HomeViewController.swift */; };
		36BCBE892CDD3DD30060C290 /* InviteFriendView.swift in Sources */ = {isa = PBXBuildFile; fileRef = 36BCBE582CDD3DD30060C290 /* InviteFriendView.swift */; };
		36BCBE8A2CDD3DD30060C290 /* InviteFriendViewController.swift in Sources */ = {isa = PBXBuildFile; fileRef = 36BCBE592CDD3DD30060C290 /* InviteFriendViewController.swift */; };
		36BCBE8B2CDD3DD30060C290 /* LoginView.swift in Sources */ = {isa = PBXBuildFile; fileRef = 36BCBE5B2CDD3DD30060C290 /* LoginView.swift */; };
		36BCBE8C2CDD3DD30060C290 /* LoginViewController.swift in Sources */ = {isa = PBXBuildFile; fileRef = 36BCBE5C2CDD3DD30060C290 /* LoginViewController.swift */; };
		36BCBE8D2CDD3DD30060C290 /* Friend.swift in Sources */ = {isa = PBXBuildFile; fileRef = 36BCBE5E2CDD3DD30060C290 /* Friend.swift */; };
		36BCBE8E2CDD3DD30060C290 /* PackingItem.swift in Sources */ = {isa = PBXBuildFile; fileRef = 36BCBE5F2CDD3DD30060C290 /* PackingItem.swift */; };
		36BCBE8F2CDD3DD30060C290 /* Travel.swift in Sources */ = {isa = PBXBuildFile; fileRef = 36BCBE602CDD3DD30060C290 /* Travel.swift */; };
		36BCBE902CDD3DD30060C290 /* User.swift in Sources */ = {isa = PBXBuildFile; fileRef = 36BCBE612CDD3DD30060C290 /* User.swift */; };
		36BCBE912CDD3DD30060C290 /* PackingListView.swift in Sources */ = {isa = PBXBuildFile; fileRef = 36BCBE632CDD3DD30060C290 /* PackingListView.swift */; };
		36BCBE922CDD3DD30060C290 /* PackingListViewController.swift in Sources */ = {isa = PBXBuildFile; fileRef = 36BCBE642CDD3DD30060C290 /* PackingListViewController.swift */; };
		36BCBE932CDD3DD30060C290 /* ProfileView.swift in Sources */ = {isa = PBXBuildFile; fileRef = 36BCBE662CDD3DD30060C290 /* ProfileView.swift */; };
		36BCBE942CDD3DD30060C290 /* ProfileViewController.swift in Sources */ = {isa = PBXBuildFile; fileRef = 36BCBE672CDD3DD30060C290 /* ProfileViewController.swift */; };
		36BCBE952CDD3DD30060C290 /* SignUpView.swift in Sources */ = {isa = PBXBuildFile; fileRef = 36BCBE692CDD3DD30060C290 /* SignUpView.swift */; };
		36BCBE962CDD3DD30060C290 /* SignUpViewController.swift in Sources */ = {isa = PBXBuildFile; fileRef = 36BCBE6A2CDD3DD30060C290 /* SignUpViewController.swift */; };
		36BCBE972CDD3DD30060C290 /* SpendingView.swift in Sources */ = {isa = PBXBuildFile; fileRef = 36BCBE6C2CDD3DD30060C290 /* SpendingView.swift */; };
		36BCBE982CDD3DD30060C290 /* SpendingViewController.swift in Sources */ = {isa = PBXBuildFile; fileRef = 36BCBE6D2CDD3DD30060C290 /* SpendingViewController.swift */; };
		36BCBE992CDD3DD30060C290 /* TravelDetailView.swift in Sources */ = {isa = PBXBuildFile; fileRef = 36BCBE6F2CDD3DD30060C290 /* TravelDetailView.swift */; };
		36BCBE9A2CDD3DD30060C290 /* TravelDetailViewController.swift in Sources */ = {isa = PBXBuildFile; fileRef = 36BCBE702CDD3DD30060C290 /* TravelDetailViewController.swift */; };
		36BCBE9B2CDD3DD30060C290 /* TravelListView.swift in Sources */ = {isa = PBXBuildFile; fileRef = 36BCBE722CDD3DD30060C290 /* TravelListView.swift */; };
		36BCBE9C2CDD3DD30060C290 /* TravelListViewController.swift in Sources */ = {isa = PBXBuildFile; fileRef = 36BCBE732CDD3DD30060C290 /* TravelListViewController.swift */; };
		36BCBE9D2CDD3DD30060C290 /* AppDelegate.swift in Sources */ = {isa = PBXBuildFile; fileRef = 36BCBE752CDD3DD30060C290 /* AppDelegate.swift */; };
		36BCBE9E2CDD3DD30060C290 /* SceneDelegate.swift in Sources */ = {isa = PBXBuildFile; fileRef = 36BCBE7C2CDD3DD30060C290 /* SceneDelegate.swift */; };
		36BCBE9F2CDD3DD30060C290 /* ViewController.swift in Sources */ = {isa = PBXBuildFile; fileRef = 36BCBE7D2CDD3DD30060C290 /* ViewController.swift */; };
		36BCBEA02CDD3DD30060C290 /* Assets.xcassets in Resources */ = {isa = PBXBuildFile; fileRef = 36BCBE762CDD3DD30060C290 /* Assets.xcassets */; };
		36BCBEA22CDD3DD30060C290 /* LaunchScreen.storyboard in Resources */ = {isa = PBXBuildFile; fileRef = 36BCBE792CDD3DD30060C290 /* LaunchScreen.storyboard */; };
		36BCBEA32CDD3DD30060C290 /* Main.storyboard in Resources */ = {isa = PBXBuildFile; fileRef = 36BCBE7B2CDD3DD30060C290 /* Main.storyboard */; };
		36BCBEAC2CDD3EA90060C290 /* PacksyncTests.swift in Sources */ = {isa = PBXBuildFile; fileRef = 36BCBEAA2CDD3EA90060C290 /* PacksyncTests.swift */; };
		36BCBEB02CDD3EAC0060C290 /* PacksyncUITests.swift in Sources */ = {isa = PBXBuildFile; fileRef = 36BCBEAD2CDD3EAC0060C290 /* PacksyncUITests.swift */; };
		36BCBEB12CDD3EAC0060C290 /* PacksyncUITestsLaunchTests.swift in Sources */ = {isa = PBXBuildFile; fileRef = 36BCBEAE2CDD3EAC0060C290 /* PacksyncUITestsLaunchTests.swift */; };
		6236C52ED6F9FDC6B051139B /* Pods_PacksyncTests.framework in Frameworks */ = {isa = PBXBuildFile; fileRef = 5B899A5F4CAC2071E1963521 /* Pods_PacksyncTests.framework */; };
		629125534CD46C572C41036B /* Pods_Packsync.framework in Frameworks */ = {isa = PBXBuildFile; fileRef = B58C29F627AEFE88848C97EE /* Pods_Packsync.framework */; };
		94BFD571C364E2F861C438BF /* Pods_Packsync_PacksyncUITests.framework in Frameworks */ = {isa = PBXBuildFile; fileRef = 8ED0CE592D869E2411A3DE66 /* Pods_Packsync_PacksyncUITests.framework */; };
/* End PBXBuildFile section */

/* Begin PBXContainerItemProxy section */
		737AC4192CCB2C79005F0B42 /* PBXContainerItemProxy */ = {
			isa = PBXContainerItemProxy;
			containerPortal = 737AC3FA2CCB2C78005F0B42 /* Project object */;
			proxyType = 1;
			remoteGlobalIDString = 737AC4012CCB2C78005F0B42;
			remoteInfo = Packsync;
		};
		737AC4232CCB2C79005F0B42 /* PBXContainerItemProxy */ = {
			isa = PBXContainerItemProxy;
			containerPortal = 737AC3FA2CCB2C78005F0B42 /* Project object */;
			proxyType = 1;
			remoteGlobalIDString = 737AC4012CCB2C78005F0B42;
			remoteInfo = Packsync;
		};
/* End PBXContainerItemProxy section */

/* Begin PBXFileReference section */
		010872923AF6786A876453AC /* Pods-PacksyncTests.release.xcconfig */ = {isa = PBXFileReference; includeInIndex = 1; lastKnownFileType = text.xcconfig; name = "Pods-PacksyncTests.release.xcconfig"; path = "Target Support Files/Pods-PacksyncTests/Pods-PacksyncTests.release.xcconfig"; sourceTree = "<group>"; };
		36BCBE492CDD3DD30060C290 /* AddPackingItemView.swift */ = {isa = PBXFileReference; lastKnownFileType = sourcecode.swift; path = AddPackingItemView.swift; sourceTree = "<group>"; };
		36BCBE4A2CDD3DD30060C290 /* AddPackingItemViewController.swift */ = {isa = PBXFileReference; lastKnownFileType = sourcecode.swift; path = AddPackingItemViewController.swift; sourceTree = "<group>"; };
		36BCBE4C2CDD3DD30060C290 /* BillboardView.swift */ = {isa = PBXFileReference; lastKnownFileType = sourcecode.swift; path = BillboardView.swift; sourceTree = "<group>"; };
		36BCBE4D2CDD3DD30060C290 /* BillboardViewController.swift */ = {isa = PBXFileReference; lastKnownFileType = sourcecode.swift; path = BillboardViewController.swift; sourceTree = "<group>"; };
		36BCBE4F2CDD3DD30060C290 /* EditPackingItemView.swift */ = {isa = PBXFileReference; lastKnownFileType = sourcecode.swift; path = EditPackingItemView.swift; sourceTree = "<group>"; };
		36BCBE502CDD3DD30060C290 /* EditPackingItemViewController.swift */ = {isa = PBXFileReference; lastKnownFileType = sourcecode.swift; path = EditPackingItemViewController.swift; sourceTree = "<group>"; };
		36BCBE522CDD3DD30060C290 /* FriendsListView.swift */ = {isa = PBXFileReference; lastKnownFileType = sourcecode.swift; path = FriendsListView.swift; sourceTree = "<group>"; };
		36BCBE532CDD3DD30060C290 /* FriendsListViewController.swift */ = {isa = PBXFileReference; lastKnownFileType = sourcecode.swift; path = FriendsListViewController.swift; sourceTree = "<group>"; };
		36BCBE552CDD3DD30060C290 /* HomeView.swift */ = {isa = PBXFileReference; lastKnownFileType = sourcecode.swift; path = HomeView.swift; sourceTree = "<group>"; };
		36BCBE562CDD3DD30060C290 /* HomeViewController.swift */ = {isa = PBXFileReference; lastKnownFileType = sourcecode.swift; path = HomeViewController.swift; sourceTree = "<group>"; };
		36BCBE582CDD3DD30060C290 /* InviteFriendView.swift */ = {isa = PBXFileReference; lastKnownFileType = sourcecode.swift; path = InviteFriendView.swift; sourceTree = "<group>"; };
		36BCBE592CDD3DD30060C290 /* InviteFriendViewController.swift */ = {isa = PBXFileReference; lastKnownFileType = sourcecode.swift; path = InviteFriendViewController.swift; sourceTree = "<group>"; };
		36BCBE5B2CDD3DD30060C290 /* LoginView.swift */ = {isa = PBXFileReference; lastKnownFileType = sourcecode.swift; path = LoginView.swift; sourceTree = "<group>"; };
		36BCBE5C2CDD3DD30060C290 /* LoginViewController.swift */ = {isa = PBXFileReference; lastKnownFileType = sourcecode.swift; path = LoginViewController.swift; sourceTree = "<group>"; };
		36BCBE5E2CDD3DD30060C290 /* Friend.swift */ = {isa = PBXFileReference; lastKnownFileType = sourcecode.swift; path = Friend.swift; sourceTree = "<group>"; };
		36BCBE5F2CDD3DD30060C290 /* PackingItem.swift */ = {isa = PBXFileReference; lastKnownFileType = sourcecode.swift; path = PackingItem.swift; sourceTree = "<group>"; };
		36BCBE602CDD3DD30060C290 /* Travel.swift */ = {isa = PBXFileReference; lastKnownFileType = sourcecode.swift; path = Travel.swift; sourceTree = "<group>"; };
		36BCBE612CDD3DD30060C290 /* User.swift */ = {isa = PBXFileReference; lastKnownFileType = sourcecode.swift; path = User.swift; sourceTree = "<group>"; };
		36BCBE632CDD3DD30060C290 /* PackingListView.swift */ = {isa = PBXFileReference; lastKnownFileType = sourcecode.swift; path = PackingListView.swift; sourceTree = "<group>"; };
		36BCBE642CDD3DD30060C290 /* PackingListViewController.swift */ = {isa = PBXFileReference; lastKnownFileType = sourcecode.swift; path = PackingListViewController.swift; sourceTree = "<group>"; };
		36BCBE662CDD3DD30060C290 /* ProfileView.swift */ = {isa = PBXFileReference; lastKnownFileType = sourcecode.swift; path = ProfileView.swift; sourceTree = "<group>"; };
		36BCBE672CDD3DD30060C290 /* ProfileViewController.swift */ = {isa = PBXFileReference; lastKnownFileType = sourcecode.swift; path = ProfileViewController.swift; sourceTree = "<group>"; };
		36BCBE692CDD3DD30060C290 /* SignUpView.swift */ = {isa = PBXFileReference; lastKnownFileType = sourcecode.swift; path = SignUpView.swift; sourceTree = "<group>"; };
		36BCBE6A2CDD3DD30060C290 /* SignUpViewController.swift */ = {isa = PBXFileReference; lastKnownFileType = sourcecode.swift; path = SignUpViewController.swift; sourceTree = "<group>"; };
		36BCBE6C2CDD3DD30060C290 /* SpendingView.swift */ = {isa = PBXFileReference; lastKnownFileType = sourcecode.swift; path = SpendingView.swift; sourceTree = "<group>"; };
		36BCBE6D2CDD3DD30060C290 /* SpendingViewController.swift */ = {isa = PBXFileReference; lastKnownFileType = sourcecode.swift; path = SpendingViewController.swift; sourceTree = "<group>"; };
		36BCBE6F2CDD3DD30060C290 /* TravelDetailView.swift */ = {isa = PBXFileReference; lastKnownFileType = sourcecode.swift; path = TravelDetailView.swift; sourceTree = "<group>"; };
		36BCBE702CDD3DD30060C290 /* TravelDetailViewController.swift */ = {isa = PBXFileReference; lastKnownFileType = sourcecode.swift; path = TravelDetailViewController.swift; sourceTree = "<group>"; };
		36BCBE722CDD3DD30060C290 /* TravelListView.swift */ = {isa = PBXFileReference; lastKnownFileType = sourcecode.swift; path = TravelListView.swift; sourceTree = "<group>"; };
		36BCBE732CDD3DD30060C290 /* TravelListViewController.swift */ = {isa = PBXFileReference; lastKnownFileType = sourcecode.swift; path = TravelListViewController.swift; sourceTree = "<group>"; };
		36BCBE752CDD3DD30060C290 /* AppDelegate.swift */ = {isa = PBXFileReference; lastKnownFileType = sourcecode.swift; path = AppDelegate.swift; sourceTree = "<group>"; };
		36BCBE762CDD3DD30060C290 /* Assets.xcassets */ = {isa = PBXFileReference; lastKnownFileType = folder.assetcatalog; path = Assets.xcassets; sourceTree = "<group>"; };
		36BCBE772CDD3DD30060C290 /* Info.plist */ = {isa = PBXFileReference; lastKnownFileType = text.plist.xml; path = Info.plist; sourceTree = "<group>"; };
		36BCBE782CDD3DD30060C290 /* Base */ = {isa = PBXFileReference; lastKnownFileType = file.storyboard; name = Base; path = Base.lproj/LaunchScreen.storyboard; sourceTree = "<group>"; };
		36BCBE7A2CDD3DD30060C290 /* Base */ = {isa = PBXFileReference; lastKnownFileType = file.storyboard; name = Base; path = Base.lproj/Main.storyboard; sourceTree = "<group>"; };
		36BCBE7C2CDD3DD30060C290 /* SceneDelegate.swift */ = {isa = PBXFileReference; lastKnownFileType = sourcecode.swift; path = SceneDelegate.swift; sourceTree = "<group>"; };
		36BCBE7D2CDD3DD30060C290 /* ViewController.swift */ = {isa = PBXFileReference; lastKnownFileType = sourcecode.swift; path = ViewController.swift; sourceTree = "<group>"; };
		36BCBEAA2CDD3EA90060C290 /* PacksyncTests.swift */ = {isa = PBXFileReference; lastKnownFileType = sourcecode.swift; path = PacksyncTests.swift; sourceTree = "<group>"; };
		36BCBEAD2CDD3EAC0060C290 /* PacksyncUITests.swift */ = {isa = PBXFileReference; lastKnownFileType = sourcecode.swift; path = PacksyncUITests.swift; sourceTree = "<group>"; };
		36BCBEAE2CDD3EAC0060C290 /* PacksyncUITestsLaunchTests.swift */ = {isa = PBXFileReference; lastKnownFileType = sourcecode.swift; path = PacksyncUITestsLaunchTests.swift; sourceTree = "<group>"; };
		417A1F4FED55E21A08E652A3 /* Pods-Packsync.debug.xcconfig */ = {isa = PBXFileReference; includeInIndex = 1; lastKnownFileType = text.xcconfig; name = "Pods-Packsync.debug.xcconfig"; path = "Target Support Files/Pods-Packsync/Pods-Packsync.debug.xcconfig"; sourceTree = "<group>"; };
		5B899A5F4CAC2071E1963521 /* Pods_PacksyncTests.framework */ = {isa = PBXFileReference; explicitFileType = wrapper.framework; includeInIndex = 0; path = Pods_PacksyncTests.framework; sourceTree = BUILT_PRODUCTS_DIR; };
		737AC4022CCB2C78005F0B42 /* Packsync.app */ = {isa = PBXFileReference; explicitFileType = wrapper.application; includeInIndex = 0; path = Packsync.app; sourceTree = BUILT_PRODUCTS_DIR; };
		737AC4182CCB2C79005F0B42 /* PacksyncTests.xctest */ = {isa = PBXFileReference; explicitFileType = wrapper.cfbundle; includeInIndex = 0; path = PacksyncTests.xctest; sourceTree = BUILT_PRODUCTS_DIR; };
		737AC4222CCB2C79005F0B42 /* PacksyncUITests.xctest */ = {isa = PBXFileReference; explicitFileType = wrapper.cfbundle; includeInIndex = 0; path = PacksyncUITests.xctest; sourceTree = BUILT_PRODUCTS_DIR; };
		8ED0CE592D869E2411A3DE66 /* Pods_Packsync_PacksyncUITests.framework */ = {isa = PBXFileReference; explicitFileType = wrapper.framework; includeInIndex = 0; path = Pods_Packsync_PacksyncUITests.framework; sourceTree = BUILT_PRODUCTS_DIR; };
		A3737AE117543986608DC630 /* Pods-PacksyncTests.debug.xcconfig */ = {isa = PBXFileReference; includeInIndex = 1; lastKnownFileType = text.xcconfig; name = "Pods-PacksyncTests.debug.xcconfig"; path = "Target Support Files/Pods-PacksyncTests/Pods-PacksyncTests.debug.xcconfig"; sourceTree = "<group>"; };
		A863B5657C604F2DD285F241 /* Pods-Packsync.release.xcconfig */ = {isa = PBXFileReference; includeInIndex = 1; lastKnownFileType = text.xcconfig; name = "Pods-Packsync.release.xcconfig"; path = "Target Support Files/Pods-Packsync/Pods-Packsync.release.xcconfig"; sourceTree = "<group>"; };
		B55250005CC21B4E23B51E76 /* Pods-Packsync-PacksyncUITests.debug.xcconfig */ = {isa = PBXFileReference; includeInIndex = 1; lastKnownFileType = text.xcconfig; name = "Pods-Packsync-PacksyncUITests.debug.xcconfig"; path = "Target Support Files/Pods-Packsync-PacksyncUITests/Pods-Packsync-PacksyncUITests.debug.xcconfig"; sourceTree = "<group>"; };
		B58C29F627AEFE88848C97EE /* Pods_Packsync.framework */ = {isa = PBXFileReference; explicitFileType = wrapper.framework; includeInIndex = 0; path = Pods_Packsync.framework; sourceTree = BUILT_PRODUCTS_DIR; };
		FFAAFE02DC54AAFC36E0CADA /* Pods-Packsync-PacksyncUITests.release.xcconfig */ = {isa = PBXFileReference; includeInIndex = 1; lastKnownFileType = text.xcconfig; name = "Pods-Packsync-PacksyncUITests.release.xcconfig"; path = "Target Support Files/Pods-Packsync-PacksyncUITests/Pods-Packsync-PacksyncUITests.release.xcconfig"; sourceTree = "<group>"; };
/* End PBXFileReference section */

/* Begin PBXFrameworksBuildPhase section */
		737AC3FF2CCB2C78005F0B42 /* Frameworks */ = {
			isa = PBXFrameworksBuildPhase;
			buildActionMask = 2147483647;
			files = (
				629125534CD46C572C41036B /* Pods_Packsync.framework in Frameworks */,
			);
			runOnlyForDeploymentPostprocessing = 0;
		};
		737AC4152CCB2C79005F0B42 /* Frameworks */ = {
			isa = PBXFrameworksBuildPhase;
			buildActionMask = 2147483647;
			files = (
				6236C52ED6F9FDC6B051139B /* Pods_PacksyncTests.framework in Frameworks */,
			);
			runOnlyForDeploymentPostprocessing = 0;
		};
		737AC41F2CCB2C79005F0B42 /* Frameworks */ = {
			isa = PBXFrameworksBuildPhase;
			buildActionMask = 2147483647;
			files = (
				94BFD571C364E2F861C438BF /* Pods_Packsync_PacksyncUITests.framework in Frameworks */,
			);
			runOnlyForDeploymentPostprocessing = 0;
		};
/* End PBXFrameworksBuildPhase section */

/* Begin PBXGroup section */
		36BCBE4B2CDD3DD30060C290 /* AddPackingItemScreen */ = {
			isa = PBXGroup;
			children = (
				36BCBE492CDD3DD30060C290 /* AddPackingItemView.swift */,
				36BCBE4A2CDD3DD30060C290 /* AddPackingItemViewController.swift */,
			);
			path = AddPackingItemScreen;
			sourceTree = "<group>";
		};
		36BCBE4E2CDD3DD30060C290 /* BillboardScreen */ = {
			isa = PBXGroup;
			children = (
				36BCBE4C2CDD3DD30060C290 /* BillboardView.swift */,
				36BCBE4D2CDD3DD30060C290 /* BillboardViewController.swift */,
			);
			path = BillboardScreen;
			sourceTree = "<group>";
		};
		36BCBE512CDD3DD30060C290 /* EditPackingItemScreen */ = {
			isa = PBXGroup;
			children = (
				36BCBE4F2CDD3DD30060C290 /* EditPackingItemView.swift */,
				36BCBE502CDD3DD30060C290 /* EditPackingItemViewController.swift */,
			);
			path = EditPackingItemScreen;
			sourceTree = "<group>";
		};
		36BCBE542CDD3DD30060C290 /* FriendsListScreen */ = {
			isa = PBXGroup;
			children = (
				36BCBE522CDD3DD30060C290 /* FriendsListView.swift */,
				36BCBE532CDD3DD30060C290 /* FriendsListViewController.swift */,
			);
			path = FriendsListScreen;
			sourceTree = "<group>";
		};
		36BCBE572CDD3DD30060C290 /* HomeScreen */ = {
			isa = PBXGroup;
			children = (
				36BCBE552CDD3DD30060C290 /* HomeView.swift */,
				36BCBE562CDD3DD30060C290 /* HomeViewController.swift */,
			);
			path = HomeScreen;
			sourceTree = "<group>";
		};
		36BCBE5A2CDD3DD30060C290 /* InviteFriendScreen */ = {
			isa = PBXGroup;
			children = (
				36BCBE582CDD3DD30060C290 /* InviteFriendView.swift */,
				36BCBE592CDD3DD30060C290 /* InviteFriendViewController.swift */,
			);
			path = InviteFriendScreen;
			sourceTree = "<group>";
		};
		36BCBE5D2CDD3DD30060C290 /* LoginScreen */ = {
			isa = PBXGroup;
			children = (
				36BCBE5B2CDD3DD30060C290 /* LoginView.swift */,
				36BCBE5C2CDD3DD30060C290 /* LoginViewController.swift */,
			);
			path = LoginScreen;
			sourceTree = "<group>";
		};
		36BCBE622CDD3DD30060C290 /* Model */ = {
			isa = PBXGroup;
			children = (
				36BCBE5E2CDD3DD30060C290 /* Friend.swift */,
				36BCBE5F2CDD3DD30060C290 /* PackingItem.swift */,
				36BCBE602CDD3DD30060C290 /* Travel.swift */,
				36BCBE612CDD3DD30060C290 /* User.swift */,
			);
			path = Model;
			sourceTree = "<group>";
		};
		36BCBE652CDD3DD30060C290 /* PackingListScreen */ = {
			isa = PBXGroup;
			children = (
				36BCBE632CDD3DD30060C290 /* PackingListView.swift */,
				36BCBE642CDD3DD30060C290 /* PackingListViewController.swift */,
			);
			path = PackingListScreen;
			sourceTree = "<group>";
		};
		36BCBE682CDD3DD30060C290 /* ProfileScreen */ = {
			isa = PBXGroup;
			children = (
				36BCBE662CDD3DD30060C290 /* ProfileView.swift */,
				36BCBE672CDD3DD30060C290 /* ProfileViewController.swift */,
			);
			path = ProfileScreen;
			sourceTree = "<group>";
		};
		36BCBE6B2CDD3DD30060C290 /* SignUpScreen */ = {
			isa = PBXGroup;
			children = (
				36BCBE692CDD3DD30060C290 /* SignUpView.swift */,
				36BCBE6A2CDD3DD30060C290 /* SignUpViewController.swift */,
			);
			path = SignUpScreen;
			sourceTree = "<group>";
		};
		36BCBE6E2CDD3DD30060C290 /* SpendingScreen */ = {
			isa = PBXGroup;
			children = (
				36BCBE6C2CDD3DD30060C290 /* SpendingView.swift */,
				36BCBE6D2CDD3DD30060C290 /* SpendingViewController.swift */,
			);
			path = SpendingScreen;
			sourceTree = "<group>";
		};
		36BCBE712CDD3DD30060C290 /* TravelDetailScreen */ = {
			isa = PBXGroup;
			children = (
				36BCBE6F2CDD3DD30060C290 /* TravelDetailView.swift */,
				36BCBE702CDD3DD30060C290 /* TravelDetailViewController.swift */,
			);
			path = TravelDetailScreen;
			sourceTree = "<group>";
		};
		36BCBE742CDD3DD30060C290 /* TravelListScreen */ = {
			isa = PBXGroup;
			children = (
				36BCBE722CDD3DD30060C290 /* TravelListView.swift */,
				36BCBE732CDD3DD30060C290 /* TravelListViewController.swift */,
			);
			path = TravelListScreen;
			sourceTree = "<group>";
		};
		36BCBE7E2CDD3DD30060C290 /* Packsync */ = {
			isa = PBXGroup;
			children = (
				36BCBE4B2CDD3DD30060C290 /* AddPackingItemScreen */,
				36BCBE4E2CDD3DD30060C290 /* BillboardScreen */,
				36BCBE512CDD3DD30060C290 /* EditPackingItemScreen */,
				36BCBE542CDD3DD30060C290 /* FriendsListScreen */,
				36BCBE572CDD3DD30060C290 /* HomeScreen */,
				36BCBE5A2CDD3DD30060C290 /* InviteFriendScreen */,
				36BCBE5D2CDD3DD30060C290 /* LoginScreen */,
				36BCBE622CDD3DD30060C290 /* Model */,
				36BCBE652CDD3DD30060C290 /* PackingListScreen */,
				36BCBE682CDD3DD30060C290 /* ProfileScreen */,
				36BCBE6B2CDD3DD30060C290 /* SignUpScreen */,
				36BCBE6E2CDD3DD30060C290 /* SpendingScreen */,
				36BCBE712CDD3DD30060C290 /* TravelDetailScreen */,
				36BCBE742CDD3DD30060C290 /* TravelListScreen */,
				36BCBE752CDD3DD30060C290 /* AppDelegate.swift */,
				36BCBE762CDD3DD30060C290 /* Assets.xcassets */,
				36BCBE772CDD3DD30060C290 /* Info.plist */,
				36BCBE792CDD3DD30060C290 /* LaunchScreen.storyboard */,
				36BCBE7B2CDD3DD30060C290 /* Main.storyboard */,
				36BCBE7C2CDD3DD30060C290 /* SceneDelegate.swift */,
				36BCBE7D2CDD3DD30060C290 /* ViewController.swift */,
			);
			path = Packsync;
			sourceTree = "<group>";
		};
		36BCBEAB2CDD3EA90060C290 /* PacksyncTests */ = {
			isa = PBXGroup;
			children = (
				36BCBEAA2CDD3EA90060C290 /* PacksyncTests.swift */,
			);
			path = PacksyncTests;
			sourceTree = "<group>";
		};
		36BCBEAF2CDD3EAC0060C290 /* PacksyncUITests */ = {
			isa = PBXGroup;
			children = (
				36BCBEAD2CDD3EAC0060C290 /* PacksyncUITests.swift */,
				36BCBEAE2CDD3EAC0060C290 /* PacksyncUITestsLaunchTests.swift */,
			);
			path = PacksyncUITests;
			sourceTree = "<group>";
		};
		3B6CF0846AEBC363AD9188E2 /* Frameworks */ = {
			isa = PBXGroup;
			children = (
				B58C29F627AEFE88848C97EE /* Pods_Packsync.framework */,
				8ED0CE592D869E2411A3DE66 /* Pods_Packsync_PacksyncUITests.framework */,
				5B899A5F4CAC2071E1963521 /* Pods_PacksyncTests.framework */,
			);
			name = Frameworks;
			sourceTree = "<group>";
		};
		737AC3F92CCB2C78005F0B42 = {
			isa = PBXGroup;
			children = (
				36BCBE7E2CDD3DD30060C290 /* Packsync */,
				36BCBEAB2CDD3EA90060C290 /* PacksyncTests */,
				36BCBEAF2CDD3EAC0060C290 /* PacksyncUITests */,
				737AC4032CCB2C78005F0B42 /* Products */,
				E42149ED24DAC1BFF9E9FD4B /* Pods */,
				3B6CF0846AEBC363AD9188E2 /* Frameworks */,
			);
			sourceTree = "<group>";
		};
		737AC4032CCB2C78005F0B42 /* Products */ = {
			isa = PBXGroup;
			children = (
				737AC4022CCB2C78005F0B42 /* Packsync.app */,
				737AC4182CCB2C79005F0B42 /* PacksyncTests.xctest */,
				737AC4222CCB2C79005F0B42 /* PacksyncUITests.xctest */,
			);
			name = Products;
			sourceTree = "<group>";
		};
		E42149ED24DAC1BFF9E9FD4B /* Pods */ = {
			isa = PBXGroup;
			children = (
				417A1F4FED55E21A08E652A3 /* Pods-Packsync.debug.xcconfig */,
				A863B5657C604F2DD285F241 /* Pods-Packsync.release.xcconfig */,
				B55250005CC21B4E23B51E76 /* Pods-Packsync-PacksyncUITests.debug.xcconfig */,
				FFAAFE02DC54AAFC36E0CADA /* Pods-Packsync-PacksyncUITests.release.xcconfig */,
				A3737AE117543986608DC630 /* Pods-PacksyncTests.debug.xcconfig */,
				010872923AF6786A876453AC /* Pods-PacksyncTests.release.xcconfig */,
			);
			path = Pods;
			sourceTree = "<group>";
		};
/* End PBXGroup section */

/* Begin PBXNativeTarget section */
		737AC4012CCB2C78005F0B42 /* Packsync */ = {
			isa = PBXNativeTarget;
			buildConfigurationList = 737AC42B2CCB2C79005F0B42 /* Build configuration list for PBXNativeTarget "Packsync" */;
			buildPhases = (
				2CB5F2963A856EF208BA589D /* [CP] Check Pods Manifest.lock */,
				737AC3FE2CCB2C78005F0B42 /* Sources */,
				737AC3FF2CCB2C78005F0B42 /* Frameworks */,
				737AC4002CCB2C78005F0B42 /* Resources */,
				A21243143888E19961D3965A /* [CP] Embed Pods Frameworks */,
			);
			buildRules = (
			);
			dependencies = (
			);
			name = Packsync;
			productName = Packsync;
			productReference = 737AC4022CCB2C78005F0B42 /* Packsync.app */;
			productType = "com.apple.product-type.application";
		};
		737AC4172CCB2C79005F0B42 /* PacksyncTests */ = {
			isa = PBXNativeTarget;
			buildConfigurationList = 737AC4302CCB2C79005F0B42 /* Build configuration list for PBXNativeTarget "PacksyncTests" */;
			buildPhases = (
				0F353AC6309F2E0A68E2A6D0 /* [CP] Check Pods Manifest.lock */,
				737AC4142CCB2C79005F0B42 /* Sources */,
				737AC4152CCB2C79005F0B42 /* Frameworks */,
				737AC4162CCB2C79005F0B42 /* Resources */,
			);
			buildRules = (
			);
			dependencies = (
				737AC41A2CCB2C79005F0B42 /* PBXTargetDependency */,
			);
			name = PacksyncTests;
			productName = PacksyncTests;
			productReference = 737AC4182CCB2C79005F0B42 /* PacksyncTests.xctest */;
			productType = "com.apple.product-type.bundle.unit-test";
		};
		737AC4212CCB2C79005F0B42 /* PacksyncUITests */ = {
			isa = PBXNativeTarget;
			buildConfigurationList = 737AC4332CCB2C79005F0B42 /* Build configuration list for PBXNativeTarget "PacksyncUITests" */;
			buildPhases = (
				D1BB4D8C33A75E72BCDB8984 /* [CP] Check Pods Manifest.lock */,
				737AC41E2CCB2C79005F0B42 /* Sources */,
				737AC41F2CCB2C79005F0B42 /* Frameworks */,
				737AC4202CCB2C79005F0B42 /* Resources */,
				05FA07516DEED43F5B9C70D2 /* [CP] Embed Pods Frameworks */,
			);
			buildRules = (
			);
			dependencies = (
				737AC4242CCB2C79005F0B42 /* PBXTargetDependency */,
			);
			name = PacksyncUITests;
			productName = PacksyncUITests;
			productReference = 737AC4222CCB2C79005F0B42 /* PacksyncUITests.xctest */;
			productType = "com.apple.product-type.bundle.ui-testing";
		};
/* End PBXNativeTarget section */

/* Begin PBXProject section */
		737AC3FA2CCB2C78005F0B42 /* Project object */ = {
			isa = PBXProject;
			attributes = {
				BuildIndependentTargetsInParallel = 1;
				LastSwiftUpdateCheck = 1600;
				LastUpgradeCheck = 1600;
				TargetAttributes = {
					737AC4012CCB2C78005F0B42 = {
						CreatedOnToolsVersion = 16.0;
					};
					737AC4172CCB2C79005F0B42 = {
						CreatedOnToolsVersion = 16.0;
						TestTargetID = 737AC4012CCB2C78005F0B42;
					};
					737AC4212CCB2C79005F0B42 = {
						CreatedOnToolsVersion = 16.0;
						TestTargetID = 737AC4012CCB2C78005F0B42;
					};
				};
			};
			buildConfigurationList = 737AC3FD2CCB2C78005F0B42 /* Build configuration list for PBXProject "Packsync" */;
			compatibilityVersion = "Xcode 14.0";
			developmentRegion = en;
			hasScannedForEncodings = 0;
			knownRegions = (
				en,
				Base,
			);
			mainGroup = 737AC3F92CCB2C78005F0B42;
			productRefGroup = 737AC4032CCB2C78005F0B42 /* Products */;
			projectDirPath = "";
			projectRoot = "";
			targets = (
				737AC4012CCB2C78005F0B42 /* Packsync */,
				737AC4172CCB2C79005F0B42 /* PacksyncTests */,
				737AC4212CCB2C79005F0B42 /* PacksyncUITests */,
			);
		};
/* End PBXProject section */

/* Begin PBXResourcesBuildPhase section */
		737AC4002CCB2C78005F0B42 /* Resources */ = {
			isa = PBXResourcesBuildPhase;
			buildActionMask = 2147483647;
			files = (
				36BCBEA02CDD3DD30060C290 /* Assets.xcassets in Resources */,
				36BCBEA22CDD3DD30060C290 /* LaunchScreen.storyboard in Resources */,
				36BCBEA32CDD3DD30060C290 /* Main.storyboard in Resources */,
			);
			runOnlyForDeploymentPostprocessing = 0;
		};
		737AC4162CCB2C79005F0B42 /* Resources */ = {
			isa = PBXResourcesBuildPhase;
			buildActionMask = 2147483647;
			files = (
			);
			runOnlyForDeploymentPostprocessing = 0;
		};
		737AC4202CCB2C79005F0B42 /* Resources */ = {
			isa = PBXResourcesBuildPhase;
			buildActionMask = 2147483647;
			files = (
			);
			runOnlyForDeploymentPostprocessing = 0;
		};
/* End PBXResourcesBuildPhase section */

/* Begin PBXShellScriptBuildPhase section */
		05FA07516DEED43F5B9C70D2 /* [CP] Embed Pods Frameworks */ = {
			isa = PBXShellScriptBuildPhase;
			buildActionMask = 2147483647;
			files = (
			);
			inputFileListPaths = (
				"${PODS_ROOT}/Target Support Files/Pods-Packsync-PacksyncUITests/Pods-Packsync-PacksyncUITests-frameworks-${CONFIGURATION}-input-files.xcfilelist",
			);
			name = "[CP] Embed Pods Frameworks";
			outputFileListPaths = (
				"${PODS_ROOT}/Target Support Files/Pods-Packsync-PacksyncUITests/Pods-Packsync-PacksyncUITests-frameworks-${CONFIGURATION}-output-files.xcfilelist",
			);
			runOnlyForDeploymentPostprocessing = 0;
			shellPath = /bin/sh;
			shellScript = "\"${PODS_ROOT}/Target Support Files/Pods-Packsync-PacksyncUITests/Pods-Packsync-PacksyncUITests-frameworks.sh\"\n";
			showEnvVarsInLog = 0;
		};
		0F353AC6309F2E0A68E2A6D0 /* [CP] Check Pods Manifest.lock */ = {
			isa = PBXShellScriptBuildPhase;
			buildActionMask = 2147483647;
			files = (
			);
			inputFileListPaths = (
			);
			inputPaths = (
				"${PODS_PODFILE_DIR_PATH}/Podfile.lock",
				"${PODS_ROOT}/Manifest.lock",
			);
			name = "[CP] Check Pods Manifest.lock";
			outputFileListPaths = (
			);
			outputPaths = (
				"$(DERIVED_FILE_DIR)/Pods-PacksyncTests-checkManifestLockResult.txt",
			);
			runOnlyForDeploymentPostprocessing = 0;
			shellPath = /bin/sh;
			shellScript = "diff \"${PODS_PODFILE_DIR_PATH}/Podfile.lock\" \"${PODS_ROOT}/Manifest.lock\" > /dev/null\nif [ $? != 0 ] ; then\n    # print error to STDERR\n    echo \"error: The sandbox is not in sync with the Podfile.lock. Run 'pod install' or update your CocoaPods installation.\" >&2\n    exit 1\nfi\n# This output is used by Xcode 'outputs' to avoid re-running this script phase.\necho \"SUCCESS\" > \"${SCRIPT_OUTPUT_FILE_0}\"\n";
			showEnvVarsInLog = 0;
		};
		2CB5F2963A856EF208BA589D /* [CP] Check Pods Manifest.lock */ = {
			isa = PBXShellScriptBuildPhase;
			buildActionMask = 2147483647;
			files = (
			);
			inputFileListPaths = (
			);
			inputPaths = (
				"${PODS_PODFILE_DIR_PATH}/Podfile.lock",
				"${PODS_ROOT}/Manifest.lock",
			);
			name = "[CP] Check Pods Manifest.lock";
			outputFileListPaths = (
			);
			outputPaths = (
				"$(DERIVED_FILE_DIR)/Pods-Packsync-checkManifestLockResult.txt",
			);
			runOnlyForDeploymentPostprocessing = 0;
			shellPath = /bin/sh;
			shellScript = "diff \"${PODS_PODFILE_DIR_PATH}/Podfile.lock\" \"${PODS_ROOT}/Manifest.lock\" > /dev/null\nif [ $? != 0 ] ; then\n    # print error to STDERR\n    echo \"error: The sandbox is not in sync with the Podfile.lock. Run 'pod install' or update your CocoaPods installation.\" >&2\n    exit 1\nfi\n# This output is used by Xcode 'outputs' to avoid re-running this script phase.\necho \"SUCCESS\" > \"${SCRIPT_OUTPUT_FILE_0}\"\n";
			showEnvVarsInLog = 0;
		};
		A21243143888E19961D3965A /* [CP] Embed Pods Frameworks */ = {
			isa = PBXShellScriptBuildPhase;
			buildActionMask = 2147483647;
			files = (
			);
			inputFileListPaths = (
				"${PODS_ROOT}/Target Support Files/Pods-Packsync/Pods-Packsync-frameworks-${CONFIGURATION}-input-files.xcfilelist",
			);
			name = "[CP] Embed Pods Frameworks";
			outputFileListPaths = (
				"${PODS_ROOT}/Target Support Files/Pods-Packsync/Pods-Packsync-frameworks-${CONFIGURATION}-output-files.xcfilelist",
			);
			runOnlyForDeploymentPostprocessing = 0;
			shellPath = /bin/sh;
			shellScript = "\"${PODS_ROOT}/Target Support Files/Pods-Packsync/Pods-Packsync-frameworks.sh\"\n";
			showEnvVarsInLog = 0;
		};
		D1BB4D8C33A75E72BCDB8984 /* [CP] Check Pods Manifest.lock */ = {
			isa = PBXShellScriptBuildPhase;
			buildActionMask = 2147483647;
			files = (
			);
			inputFileListPaths = (
			);
			inputPaths = (
				"${PODS_PODFILE_DIR_PATH}/Podfile.lock",
				"${PODS_ROOT}/Manifest.lock",
			);
			name = "[CP] Check Pods Manifest.lock";
			outputFileListPaths = (
			);
			outputPaths = (
				"$(DERIVED_FILE_DIR)/Pods-Packsync-PacksyncUITests-checkManifestLockResult.txt",
			);
			runOnlyForDeploymentPostprocessing = 0;
			shellPath = /bin/sh;
			shellScript = "diff \"${PODS_PODFILE_DIR_PATH}/Podfile.lock\" \"${PODS_ROOT}/Manifest.lock\" > /dev/null\nif [ $? != 0 ] ; then\n    # print error to STDERR\n    echo \"error: The sandbox is not in sync with the Podfile.lock. Run 'pod install' or update your CocoaPods installation.\" >&2\n    exit 1\nfi\n# This output is used by Xcode 'outputs' to avoid re-running this script phase.\necho \"SUCCESS\" > \"${SCRIPT_OUTPUT_FILE_0}\"\n";
			showEnvVarsInLog = 0;
		};
/* End PBXShellScriptBuildPhase section */

/* Begin PBXSourcesBuildPhase section */
		737AC3FE2CCB2C78005F0B42 /* Sources */ = {
			isa = PBXSourcesBuildPhase;
			buildActionMask = 2147483647;
			files = (
				36BCBE7F2CDD3DD30060C290 /* AddPackingItemView.swift in Sources */,
				36BCBE802CDD3DD30060C290 /* AddPackingItemViewController.swift in Sources */,
				36BCBE812CDD3DD30060C290 /* BillboardView.swift in Sources */,
				36BCBE822CDD3DD30060C290 /* BillboardViewController.swift in Sources */,
				36BCBE832CDD3DD30060C290 /* EditPackingItemView.swift in Sources */,
				36BCBE842CDD3DD30060C290 /* EditPackingItemViewController.swift in Sources */,
				36BCBE852CDD3DD30060C290 /* FriendsListView.swift in Sources */,
				36BCBE862CDD3DD30060C290 /* FriendsListViewController.swift in Sources */,
				36BCBE872CDD3DD30060C290 /* HomeView.swift in Sources */,
				36BCBE882CDD3DD30060C290 /* HomeViewController.swift in Sources */,
				36BCBE892CDD3DD30060C290 /* InviteFriendView.swift in Sources */,
				36BCBE8A2CDD3DD30060C290 /* InviteFriendViewController.swift in Sources */,
				36BCBE8B2CDD3DD30060C290 /* LoginView.swift in Sources */,
				36BCBE8C2CDD3DD30060C290 /* LoginViewController.swift in Sources */,
				36BCBE8D2CDD3DD30060C290 /* Friend.swift in Sources */,
				36BCBE8E2CDD3DD30060C290 /* PackingItem.swift in Sources */,
				36BCBE8F2CDD3DD30060C290 /* Travel.swift in Sources */,
				36BCBE902CDD3DD30060C290 /* User.swift in Sources */,
				36BCBE912CDD3DD30060C290 /* PackingListView.swift in Sources */,
				36BCBE922CDD3DD30060C290 /* PackingListViewController.swift in Sources */,
				36BCBE932CDD3DD30060C290 /* ProfileView.swift in Sources */,
				36BCBE942CDD3DD30060C290 /* ProfileViewController.swift in Sources */,
				36BCBE952CDD3DD30060C290 /* SignUpView.swift in Sources */,
				36BCBE962CDD3DD30060C290 /* SignUpViewController.swift in Sources */,
				36BCBE972CDD3DD30060C290 /* SpendingView.swift in Sources */,
				36BCBE982CDD3DD30060C290 /* SpendingViewController.swift in Sources */,
				36BCBE992CDD3DD30060C290 /* TravelDetailView.swift in Sources */,
				36BCBE9A2CDD3DD30060C290 /* TravelDetailViewController.swift in Sources */,
				36BCBE9B2CDD3DD30060C290 /* TravelListView.swift in Sources */,
				36BCBE9C2CDD3DD30060C290 /* TravelListViewController.swift in Sources */,
				36BCBE9D2CDD3DD30060C290 /* AppDelegate.swift in Sources */,
				36BCBE9E2CDD3DD30060C290 /* SceneDelegate.swift in Sources */,
				36BCBE9F2CDD3DD30060C290 /* ViewController.swift in Sources */,
			);
			runOnlyForDeploymentPostprocessing = 0;
		};
		737AC4142CCB2C79005F0B42 /* Sources */ = {
			isa = PBXSourcesBuildPhase;
			buildActionMask = 2147483647;
			files = (
				36BCBEAC2CDD3EA90060C290 /* PacksyncTests.swift in Sources */,
			);
			runOnlyForDeploymentPostprocessing = 0;
		};
		737AC41E2CCB2C79005F0B42 /* Sources */ = {
			isa = PBXSourcesBuildPhase;
			buildActionMask = 2147483647;
			files = (
				36BCBEB02CDD3EAC0060C290 /* PacksyncUITests.swift in Sources */,
				36BCBEB12CDD3EAC0060C290 /* PacksyncUITestsLaunchTests.swift in Sources */,
			);
			runOnlyForDeploymentPostprocessing = 0;
		};
/* End PBXSourcesBuildPhase section */

/* Begin PBXTargetDependency section */
		737AC41A2CCB2C79005F0B42 /* PBXTargetDependency */ = {
			isa = PBXTargetDependency;
			target = 737AC4012CCB2C78005F0B42 /* Packsync */;
			targetProxy = 737AC4192CCB2C79005F0B42 /* PBXContainerItemProxy */;
		};
		737AC4242CCB2C79005F0B42 /* PBXTargetDependency */ = {
			isa = PBXTargetDependency;
			target = 737AC4012CCB2C78005F0B42 /* Packsync */;
			targetProxy = 737AC4232CCB2C79005F0B42 /* PBXContainerItemProxy */;
		};
/* End PBXTargetDependency section */

/* Begin PBXVariantGroup section */
		36BCBE792CDD3DD30060C290 /* LaunchScreen.storyboard */ = {
			isa = PBXVariantGroup;
			children = (
				36BCBE782CDD3DD30060C290 /* Base */,
			);
			name = LaunchScreen.storyboard;
			sourceTree = "<group>";
		};
		36BCBE7B2CDD3DD30060C290 /* Main.storyboard */ = {
			isa = PBXVariantGroup;
			children = (
				36BCBE7A2CDD3DD30060C290 /* Base */,
			);
			name = Main.storyboard;
			sourceTree = "<group>";
		};
/* End PBXVariantGroup section */

/* Begin XCBuildConfiguration section */
		737AC42C2CCB2C79005F0B42 /* Debug */ = {
			isa = XCBuildConfiguration;
			baseConfigurationReference = 417A1F4FED55E21A08E652A3 /* Pods-Packsync.debug.xcconfig */;
			buildSettings = {
				ASSETCATALOG_COMPILER_APPICON_NAME = AppIcon;
				ASSETCATALOG_COMPILER_GLOBAL_ACCENT_COLOR_NAME = AccentColor;
				CODE_SIGN_STYLE = Automatic;
				CURRENT_PROJECT_VERSION = 1;
				DEVELOPMENT_TEAM = J6TW76GMZG;
				GENERATE_INFOPLIST_FILE = YES;
				INFOPLIST_FILE = Packsync/Info.plist;
				INFOPLIST_KEY_UIApplicationSupportsIndirectInputEvents = YES;
				INFOPLIST_KEY_UILaunchStoryboardName = LaunchScreen;
				INFOPLIST_KEY_UIMainStoryboardFile = Main;
				INFOPLIST_KEY_UISupportedInterfaceOrientations_iPad = "UIInterfaceOrientationPortrait UIInterfaceOrientationPortraitUpsideDown UIInterfaceOrientationLandscapeLeft UIInterfaceOrientationLandscapeRight";
				INFOPLIST_KEY_UISupportedInterfaceOrientations_iPhone = "UIInterfaceOrientationPortrait UIInterfaceOrientationLandscapeLeft UIInterfaceOrientationLandscapeRight";
				IPHONEOS_DEPLOYMENT_TARGET = 15.6;
				LD_RUNPATH_SEARCH_PATHS = (
					"$(inherited)",
					"@executable_path/Frameworks",
				);
				MARKETING_VERSION = 1.0;
				PRODUCT_BUNDLE_IDENTIFIER = com.nuios.Packsync;
				PRODUCT_NAME = "$(TARGET_NAME)";
				SWIFT_EMIT_LOC_STRINGS = YES;
				SWIFT_VERSION = 5.0;
				TARGETED_DEVICE_FAMILY = "1,2";
			};
			name = Debug;
		};
		737AC42D2CCB2C79005F0B42 /* Release */ = {
			isa = XCBuildConfiguration;
			baseConfigurationReference = A863B5657C604F2DD285F241 /* Pods-Packsync.release.xcconfig */;
			buildSettings = {
				ASSETCATALOG_COMPILER_APPICON_NAME = AppIcon;
				ASSETCATALOG_COMPILER_GLOBAL_ACCENT_COLOR_NAME = AccentColor;
				CODE_SIGN_STYLE = Automatic;
				CURRENT_PROJECT_VERSION = 1;
				DEVELOPMENT_TEAM = J6TW76GMZG;
				GENERATE_INFOPLIST_FILE = YES;
				INFOPLIST_FILE = Packsync/Info.plist;
				INFOPLIST_KEY_UIApplicationSupportsIndirectInputEvents = YES;
				INFOPLIST_KEY_UILaunchStoryboardName = LaunchScreen;
				INFOPLIST_KEY_UIMainStoryboardFile = Main;
				INFOPLIST_KEY_UISupportedInterfaceOrientations_iPad = "UIInterfaceOrientationPortrait UIInterfaceOrientationPortraitUpsideDown UIInterfaceOrientationLandscapeLeft UIInterfaceOrientationLandscapeRight";
				INFOPLIST_KEY_UISupportedInterfaceOrientations_iPhone = "UIInterfaceOrientationPortrait UIInterfaceOrientationLandscapeLeft UIInterfaceOrientationLandscapeRight";
				IPHONEOS_DEPLOYMENT_TARGET = 15.6;
				LD_RUNPATH_SEARCH_PATHS = (
					"$(inherited)",
					"@executable_path/Frameworks",
				);
				MARKETING_VERSION = 1.0;
				PRODUCT_BUNDLE_IDENTIFIER = com.nuios.Packsync;
				PRODUCT_NAME = "$(TARGET_NAME)";
				SWIFT_EMIT_LOC_STRINGS = YES;
				SWIFT_VERSION = 5.0;
				TARGETED_DEVICE_FAMILY = "1,2";
			};
			name = Release;
		};
		737AC42E2CCB2C79005F0B42 /* Debug */ = {
			isa = XCBuildConfiguration;
			buildSettings = {
				ALWAYS_SEARCH_USER_PATHS = NO;
				ASSETCATALOG_COMPILER_GENERATE_SWIFT_ASSET_SYMBOL_EXTENSIONS = YES;
				CLANG_ANALYZER_NONNULL = YES;
				CLANG_ANALYZER_NUMBER_OBJECT_CONVERSION = YES_AGGRESSIVE;
				CLANG_CXX_LANGUAGE_STANDARD = "gnu++20";
				CLANG_ENABLE_MODULES = YES;
				CLANG_ENABLE_OBJC_ARC = YES;
				CLANG_ENABLE_OBJC_WEAK = YES;
				CLANG_WARN_BLOCK_CAPTURE_AUTORELEASING = YES;
				CLANG_WARN_BOOL_CONVERSION = YES;
				CLANG_WARN_COMMA = YES;
				CLANG_WARN_CONSTANT_CONVERSION = YES;
				CLANG_WARN_DEPRECATED_OBJC_IMPLEMENTATIONS = YES;
				CLANG_WARN_DIRECT_OBJC_ISA_USAGE = YES_ERROR;
				CLANG_WARN_DOCUMENTATION_COMMENTS = YES;
				CLANG_WARN_EMPTY_BODY = YES;
				CLANG_WARN_ENUM_CONVERSION = YES;
				CLANG_WARN_INFINITE_RECURSION = YES;
				CLANG_WARN_INT_CONVERSION = YES;
				CLANG_WARN_NON_LITERAL_NULL_CONVERSION = YES;
				CLANG_WARN_OBJC_IMPLICIT_RETAIN_SELF = YES;
				CLANG_WARN_OBJC_LITERAL_CONVERSION = YES;
				CLANG_WARN_OBJC_ROOT_CLASS = YES_ERROR;
				CLANG_WARN_QUOTED_INCLUDE_IN_FRAMEWORK_HEADER = YES;
				CLANG_WARN_RANGE_LOOP_ANALYSIS = YES;
				CLANG_WARN_STRICT_PROTOTYPES = YES;
				CLANG_WARN_SUSPICIOUS_MOVE = YES;
				CLANG_WARN_UNGUARDED_AVAILABILITY = YES_AGGRESSIVE;
				CLANG_WARN_UNREACHABLE_CODE = YES;
				CLANG_WARN__DUPLICATE_METHOD_MATCH = YES;
				COPY_PHASE_STRIP = NO;
				DEBUG_INFORMATION_FORMAT = dwarf;
				ENABLE_STRICT_OBJC_MSGSEND = YES;
				ENABLE_TESTABILITY = YES;
				ENABLE_USER_SCRIPT_SANDBOXING = NO;
				GCC_C_LANGUAGE_STANDARD = gnu17;
				GCC_DYNAMIC_NO_PIC = NO;
				GCC_NO_COMMON_BLOCKS = YES;
				GCC_OPTIMIZATION_LEVEL = 0;
				GCC_PREPROCESSOR_DEFINITIONS = (
					"DEBUG=1",
					"$(inherited)",
				);
				GCC_WARN_64_TO_32_BIT_CONVERSION = YES;
				GCC_WARN_ABOUT_RETURN_TYPE = YES_ERROR;
				GCC_WARN_UNDECLARED_SELECTOR = YES;
				GCC_WARN_UNINITIALIZED_AUTOS = YES_AGGRESSIVE;
				GCC_WARN_UNUSED_FUNCTION = YES;
				GCC_WARN_UNUSED_VARIABLE = YES;
				IPHONEOS_DEPLOYMENT_TARGET = 18.0;
				LOCALIZATION_PREFERS_STRING_CATALOGS = YES;
				MTL_ENABLE_DEBUG_INFO = INCLUDE_SOURCE;
				MTL_FAST_MATH = YES;
				ONLY_ACTIVE_ARCH = YES;
				SDKROOT = iphoneos;
				SWIFT_ACTIVE_COMPILATION_CONDITIONS = "DEBUG $(inherited)";
				SWIFT_OPTIMIZATION_LEVEL = "-Onone";
			};
			name = Debug;
		};
		737AC42F2CCB2C79005F0B42 /* Release */ = {
			isa = XCBuildConfiguration;
			buildSettings = {
				ALWAYS_SEARCH_USER_PATHS = NO;
				ASSETCATALOG_COMPILER_GENERATE_SWIFT_ASSET_SYMBOL_EXTENSIONS = YES;
				CLANG_ANALYZER_NONNULL = YES;
				CLANG_ANALYZER_NUMBER_OBJECT_CONVERSION = YES_AGGRESSIVE;
				CLANG_CXX_LANGUAGE_STANDARD = "gnu++20";
				CLANG_ENABLE_MODULES = YES;
				CLANG_ENABLE_OBJC_ARC = YES;
				CLANG_ENABLE_OBJC_WEAK = YES;
				CLANG_WARN_BLOCK_CAPTURE_AUTORELEASING = YES;
				CLANG_WARN_BOOL_CONVERSION = YES;
				CLANG_WARN_COMMA = YES;
				CLANG_WARN_CONSTANT_CONVERSION = YES;
				CLANG_WARN_DEPRECATED_OBJC_IMPLEMENTATIONS = YES;
				CLANG_WARN_DIRECT_OBJC_ISA_USAGE = YES_ERROR;
				CLANG_WARN_DOCUMENTATION_COMMENTS = YES;
				CLANG_WARN_EMPTY_BODY = YES;
				CLANG_WARN_ENUM_CONVERSION = YES;
				CLANG_WARN_INFINITE_RECURSION = YES;
				CLANG_WARN_INT_CONVERSION = YES;
				CLANG_WARN_NON_LITERAL_NULL_CONVERSION = YES;
				CLANG_WARN_OBJC_IMPLICIT_RETAIN_SELF = YES;
				CLANG_WARN_OBJC_LITERAL_CONVERSION = YES;
				CLANG_WARN_OBJC_ROOT_CLASS = YES_ERROR;
				CLANG_WARN_QUOTED_INCLUDE_IN_FRAMEWORK_HEADER = YES;
				CLANG_WARN_RANGE_LOOP_ANALYSIS = YES;
				CLANG_WARN_STRICT_PROTOTYPES = YES;
				CLANG_WARN_SUSPICIOUS_MOVE = YES;
				CLANG_WARN_UNGUARDED_AVAILABILITY = YES_AGGRESSIVE;
				CLANG_WARN_UNREACHABLE_CODE = YES;
				CLANG_WARN__DUPLICATE_METHOD_MATCH = YES;
				COPY_PHASE_STRIP = NO;
				DEBUG_INFORMATION_FORMAT = "dwarf-with-dsym";
				ENABLE_NS_ASSERTIONS = NO;
				ENABLE_STRICT_OBJC_MSGSEND = YES;
				ENABLE_USER_SCRIPT_SANDBOXING = NO;
				GCC_C_LANGUAGE_STANDARD = gnu17;
				GCC_NO_COMMON_BLOCKS = YES;
				GCC_WARN_64_TO_32_BIT_CONVERSION = YES;
				GCC_WARN_ABOUT_RETURN_TYPE = YES_ERROR;
				GCC_WARN_UNDECLARED_SELECTOR = YES;
				GCC_WARN_UNINITIALIZED_AUTOS = YES_AGGRESSIVE;
				GCC_WARN_UNUSED_FUNCTION = YES;
				GCC_WARN_UNUSED_VARIABLE = YES;
				IPHONEOS_DEPLOYMENT_TARGET = 18.0;
				LOCALIZATION_PREFERS_STRING_CATALOGS = YES;
				MTL_ENABLE_DEBUG_INFO = NO;
				MTL_FAST_MATH = YES;
				SDKROOT = iphoneos;
				SWIFT_COMPILATION_MODE = wholemodule;
				VALIDATE_PRODUCT = YES;
			};
			name = Release;
		};
		737AC4312CCB2C79005F0B42 /* Debug */ = {
			isa = XCBuildConfiguration;
			baseConfigurationReference = A3737AE117543986608DC630 /* Pods-PacksyncTests.debug.xcconfig */;
			buildSettings = {
				BUNDLE_LOADER = "$(TEST_HOST)";
				CODE_SIGN_STYLE = Automatic;
				CURRENT_PROJECT_VERSION = 1;
				GENERATE_INFOPLIST_FILE = YES;
				IPHONEOS_DEPLOYMENT_TARGET = 18.0;
				MARKETING_VERSION = 1.0;
				PRODUCT_BUNDLE_IDENTIFIER = com.nuios.PacksyncTests;
				PRODUCT_NAME = "$(TARGET_NAME)";
				SWIFT_EMIT_LOC_STRINGS = NO;
				SWIFT_VERSION = 5.0;
				TARGETED_DEVICE_FAMILY = "1,2";
				TEST_HOST = "$(BUILT_PRODUCTS_DIR)/Packsync.app/$(BUNDLE_EXECUTABLE_FOLDER_PATH)/Packsync";
			};
			name = Debug;
		};
		737AC4322CCB2C79005F0B42 /* Release */ = {
			isa = XCBuildConfiguration;
			baseConfigurationReference = 010872923AF6786A876453AC /* Pods-PacksyncTests.release.xcconfig */;
			buildSettings = {
				BUNDLE_LOADER = "$(TEST_HOST)";
				CODE_SIGN_STYLE = Automatic;
				CURRENT_PROJECT_VERSION = 1;
				GENERATE_INFOPLIST_FILE = YES;
				IPHONEOS_DEPLOYMENT_TARGET = 18.0;
				MARKETING_VERSION = 1.0;
				PRODUCT_BUNDLE_IDENTIFIER = com.nuios.PacksyncTests;
				PRODUCT_NAME = "$(TARGET_NAME)";
				SWIFT_EMIT_LOC_STRINGS = NO;
				SWIFT_VERSION = 5.0;
				TARGETED_DEVICE_FAMILY = "1,2";
				TEST_HOST = "$(BUILT_PRODUCTS_DIR)/Packsync.app/$(BUNDLE_EXECUTABLE_FOLDER_PATH)/Packsync";
			};
			name = Release;
		};
		737AC4342CCB2C79005F0B42 /* Debug */ = {
			isa = XCBuildConfiguration;
			baseConfigurationReference = B55250005CC21B4E23B51E76 /* Pods-Packsync-PacksyncUITests.debug.xcconfig */;
			buildSettings = {
				CODE_SIGN_STYLE = Automatic;
				CURRENT_PROJECT_VERSION = 1;
				GENERATE_INFOPLIST_FILE = YES;
				MARKETING_VERSION = 1.0;
				PRODUCT_BUNDLE_IDENTIFIER = com.nuios.PacksyncUITests;
				PRODUCT_NAME = "$(TARGET_NAME)";
				SWIFT_EMIT_LOC_STRINGS = NO;
				SWIFT_VERSION = 5.0;
				TARGETED_DEVICE_FAMILY = "1,2";
				TEST_TARGET_NAME = Packsync;
			};
			name = Debug;
		};
		737AC4352CCB2C79005F0B42 /* Release */ = {
			isa = XCBuildConfiguration;
			baseConfigurationReference = FFAAFE02DC54AAFC36E0CADA /* Pods-Packsync-PacksyncUITests.release.xcconfig */;
			buildSettings = {
				CODE_SIGN_STYLE = Automatic;
				CURRENT_PROJECT_VERSION = 1;
				GENERATE_INFOPLIST_FILE = YES;
				MARKETING_VERSION = 1.0;
				PRODUCT_BUNDLE_IDENTIFIER = com.nuios.PacksyncUITests;
				PRODUCT_NAME = "$(TARGET_NAME)";
				SWIFT_EMIT_LOC_STRINGS = NO;
				SWIFT_VERSION = 5.0;
				TARGETED_DEVICE_FAMILY = "1,2";
				TEST_TARGET_NAME = Packsync;
			};
			name = Release;
		};
/* End XCBuildConfiguration section */

/* Begin XCConfigurationList section */
		737AC3FD2CCB2C78005F0B42 /* Build configuration list for PBXProject "Packsync" */ = {
			isa = XCConfigurationList;
			buildConfigurations = (
				737AC42E2CCB2C79005F0B42 /* Debug */,
				737AC42F2CCB2C79005F0B42 /* Release */,
			);
			defaultConfigurationIsVisible = 0;
			defaultConfigurationName = Release;
		};
		737AC42B2CCB2C79005F0B42 /* Build configuration list for PBXNativeTarget "Packsync" */ = {
			isa = XCConfigurationList;
			buildConfigurations = (
				737AC42C2CCB2C79005F0B42 /* Debug */,
				737AC42D2CCB2C79005F0B42 /* Release */,
			);
			defaultConfigurationIsVisible = 0;
			defaultConfigurationName = Release;
		};
		737AC4302CCB2C79005F0B42 /* Build configuration list for PBXNativeTarget "PacksyncTests" */ = {
			isa = XCConfigurationList;
			buildConfigurations = (
				737AC4312CCB2C79005F0B42 /* Debug */,
				737AC4322CCB2C79005F0B42 /* Release */,
			);
			defaultConfigurationIsVisible = 0;
			defaultConfigurationName = Release;
		};
		737AC4332CCB2C79005F0B42 /* Build configuration list for PBXNativeTarget "PacksyncUITests" */ = {
			isa = XCConfigurationList;
			buildConfigurations = (
				737AC4342CCB2C79005F0B42 /* Debug */,
				737AC4352CCB2C79005F0B42 /* Release */,
			);
			defaultConfigurationIsVisible = 0;
			defaultConfigurationName = Release;
		};
/* End XCConfigurationList section */
	};
	rootObject = 737AC3FA2CCB2C78005F0B42 /* Project object */;
}
